// !$*UTF8*$!
{
	archiveVersion = 1;
	classes = {
	};
	objectVersion = 56;
	objects = {

/* Begin PBXBuildFile section */
		3BEF892B2AD022B600029AC4 /* MockInstructionWithImageViewModel.swift in Sources */ = {isa = PBXBuildFile; fileRef = 3BEF891D2AD022B600029AC4 /* MockInstructionWithImageViewModel.swift */; };
		3BEF892C2AD022B600029AC4 /* Screens.swift in Sources */ = {isa = PBXBuildFile; fileRef = 3BEF891E2AD022B600029AC4 /* Screens.swift */; };
		3BEF892D2AD022B600029AC4 /* MockButtonViewModel.swift in Sources */ = {isa = PBXBuildFile; fileRef = 3BEF891F2AD022B600029AC4 /* MockButtonViewModel.swift */; };
		3BEF892E2AD022B600029AC4 /* MockGDSInstructionsViewModel.swift in Sources */ = {isa = PBXBuildFile; fileRef = 3BEF89202AD022B600029AC4 /* MockGDSInstructionsViewModel.swift */; };
		3BEF892F2AD022B600029AC4 /* MockModalInfoViewModel.swift in Sources */ = {isa = PBXBuildFile; fileRef = 3BEF89212AD022B600029AC4 /* MockModalInfoViewModel.swift */; };
		3BEF89302AD022B600029AC4 /* Assets.xcassets in Resources */ = {isa = PBXBuildFile; fileRef = 3BEF89222AD022B600029AC4 /* Assets.xcassets */; };
		3BEF89312AD022B600029AC4 /* DemoViewController.swift in Sources */ = {isa = PBXBuildFile; fileRef = 3BEF89232AD022B600029AC4 /* DemoViewController.swift */; };
		3BEF89322AD022B600029AC4 /* LaunchScreen.storyboard in Resources */ = {isa = PBXBuildFile; fileRef = 3BEF89242AD022B600029AC4 /* LaunchScreen.storyboard */; };
		3BEF89332AD022B600029AC4 /* Demo.storyboard in Resources */ = {isa = PBXBuildFile; fileRef = 3BEF89262AD022B600029AC4 /* Demo.storyboard */; };
		3BEF89342AD022B600029AC4 /* AppDelegate.swift in Sources */ = {isa = PBXBuildFile; fileRef = 3BEF89282AD022B600029AC4 /* AppDelegate.swift */; };
		3BEF89362AD022B600029AC4 /* SceneDelegate.swift in Sources */ = {isa = PBXBuildFile; fileRef = 3BEF892A2AD022B600029AC4 /* SceneDelegate.swift */; };
		3BEF89402AD022C400029AC4 /* GDSCommon_DemoTests.swift in Sources */ = {isa = PBXBuildFile; fileRef = 3BEF89382AD022C400029AC4 /* GDSCommon_DemoTests.swift */; };
		3BEF89412AD022C400029AC4 /* GDSInstructionsViewControllerTests.swift in Sources */ = {isa = PBXBuildFile; fileRef = 3BEF89392AD022C400029AC4 /* GDSInstructionsViewControllerTests.swift */; };
		3BEF89422AD022C400029AC4 /* ModalInfoViewControllerTests.swift in Sources */ = {isa = PBXBuildFile; fileRef = 3BEF893A2AD022C400029AC4 /* ModalInfoViewControllerTests.swift */; };
		3BEF89432AD022C400029AC4 /* InstructionsWithImageViewControllerTests.swift in Sources */ = {isa = PBXBuildFile; fileRef = 3BEF893B2AD022C400029AC4 /* InstructionsWithImageViewControllerTests.swift */; };
		3BEF89442AD022C400029AC4 /* MockGDSInstructionsViewModel.swift in Sources */ = {isa = PBXBuildFile; fileRef = 3BEF893C2AD022C400029AC4 /* MockGDSInstructionsViewModel.swift */; };
		3BEF89452AD022C400029AC4 /* XCTestCase.swift in Sources */ = {isa = PBXBuildFile; fileRef = 3BEF893E2AD022C400029AC4 /* XCTestCase.swift */; };
		3BEF89462AD022C400029AC4 /* UIView+Test_Extensions.swift in Sources */ = {isa = PBXBuildFile; fileRef = 3BEF893F2AD022C400029AC4 /* UIView+Test_Extensions.swift */; };
		3BEF89492AD0262C00029AC4 /* GDSAnalytics in Frameworks */ = {isa = PBXBuildFile; productRef = 3BEF89482AD0262C00029AC4 /* GDSAnalytics */; };
		3BEF894B2AD0262C00029AC4 /* GDSCommon in Frameworks */ = {isa = PBXBuildFile; productRef = 3BEF894A2AD0262C00029AC4 /* GDSCommon */; };
/* End PBXBuildFile section */

/* Begin PBXContainerItemProxy section */
		2B0844042ABC79BB00188BA0 /* PBXContainerItemProxy */ = {
			isa = PBXContainerItemProxy;
			containerPortal = 2B9BDC012ABC5A5600452E23 /* Project object */;
			proxyType = 1;
			remoteGlobalIDString = 2B9BDC082ABC5A5600452E23;
			remoteInfo = "GDSCommon-Demo";
		};
/* End PBXContainerItemProxy section */

/* Begin PBXFileReference section */
		2B0844002ABC79BB00188BA0 /* GDSCommon-DemoTests.xctest */ = {isa = PBXFileReference; explicitFileType = wrapper.cfbundle; includeInIndex = 0; path = "GDSCommon-DemoTests.xctest"; sourceTree = BUILT_PRODUCTS_DIR; };
		2B9BDC092ABC5A5600452E23 /* GDSCommon-Demo.app */ = {isa = PBXFileReference; explicitFileType = wrapper.application; includeInIndex = 0; path = "GDSCommon-Demo.app"; sourceTree = BUILT_PRODUCTS_DIR; };
		3B3963252AD5379D0097B073 /* UnitTestPlan.xctestplan */ = {isa = PBXFileReference; lastKnownFileType = text; name = UnitTestPlan.xctestplan; path = Example/UnitTestPlan.xctestplan; sourceTree = SOURCE_ROOT; };
		3BEF891D2AD022B600029AC4 /* MockInstructionWithImageViewModel.swift */ = {isa = PBXFileReference; fileEncoding = 4; lastKnownFileType = sourcecode.swift; path = MockInstructionWithImageViewModel.swift; sourceTree = "<group>"; };
		3BEF891E2AD022B600029AC4 /* Screens.swift */ = {isa = PBXFileReference; fileEncoding = 4; lastKnownFileType = sourcecode.swift; path = Screens.swift; sourceTree = "<group>"; };
		3BEF891F2AD022B600029AC4 /* MockButtonViewModel.swift */ = {isa = PBXFileReference; fileEncoding = 4; lastKnownFileType = sourcecode.swift; path = MockButtonViewModel.swift; sourceTree = "<group>"; };
		3BEF89202AD022B600029AC4 /* MockGDSInstructionsViewModel.swift */ = {isa = PBXFileReference; fileEncoding = 4; lastKnownFileType = sourcecode.swift; path = MockGDSInstructionsViewModel.swift; sourceTree = "<group>"; };
		3BEF89212AD022B600029AC4 /* MockModalInfoViewModel.swift */ = {isa = PBXFileReference; fileEncoding = 4; lastKnownFileType = sourcecode.swift; path = MockModalInfoViewModel.swift; sourceTree = "<group>"; };
		3BEF89222AD022B600029AC4 /* Assets.xcassets */ = {isa = PBXFileReference; lastKnownFileType = folder.assetcatalog; path = Assets.xcassets; sourceTree = "<group>"; };
		3BEF89232AD022B600029AC4 /* DemoViewController.swift */ = {isa = PBXFileReference; fileEncoding = 4; lastKnownFileType = sourcecode.swift; path = DemoViewController.swift; sourceTree = "<group>"; };
		3BEF89252AD022B600029AC4 /* Base */ = {isa = PBXFileReference; lastKnownFileType = file.storyboard; name = Base; path = Base.lproj/LaunchScreen.storyboard; sourceTree = "<group>"; };
		3BEF89272AD022B600029AC4 /* Base */ = {isa = PBXFileReference; lastKnownFileType = file.storyboard; name = Base; path = Base.lproj/Demo.storyboard; sourceTree = "<group>"; };
		3BEF89282AD022B600029AC4 /* AppDelegate.swift */ = {isa = PBXFileReference; fileEncoding = 4; lastKnownFileType = sourcecode.swift; path = AppDelegate.swift; sourceTree = "<group>"; };
		3BEF89292AD022B600029AC4 /* Info.plist */ = {isa = PBXFileReference; fileEncoding = 4; lastKnownFileType = text.plist.xml; path = Info.plist; sourceTree = "<group>"; };
		3BEF892A2AD022B600029AC4 /* SceneDelegate.swift */ = {isa = PBXFileReference; fileEncoding = 4; lastKnownFileType = sourcecode.swift; path = SceneDelegate.swift; sourceTree = "<group>"; };
		3BEF89382AD022C400029AC4 /* GDSCommon_DemoTests.swift */ = {isa = PBXFileReference; fileEncoding = 4; lastKnownFileType = sourcecode.swift; path = GDSCommon_DemoTests.swift; sourceTree = "<group>"; };
		3BEF89392AD022C400029AC4 /* GDSInstructionsViewControllerTests.swift */ = {isa = PBXFileReference; fileEncoding = 4; lastKnownFileType = sourcecode.swift; path = GDSInstructionsViewControllerTests.swift; sourceTree = "<group>"; };
		3BEF893A2AD022C400029AC4 /* ModalInfoViewControllerTests.swift */ = {isa = PBXFileReference; fileEncoding = 4; lastKnownFileType = sourcecode.swift; path = ModalInfoViewControllerTests.swift; sourceTree = "<group>"; };
		3BEF893B2AD022C400029AC4 /* InstructionsWithImageViewControllerTests.swift */ = {isa = PBXFileReference; fileEncoding = 4; lastKnownFileType = sourcecode.swift; path = InstructionsWithImageViewControllerTests.swift; sourceTree = "<group>"; };
		3BEF893C2AD022C400029AC4 /* MockGDSInstructionsViewModel.swift */ = {isa = PBXFileReference; fileEncoding = 4; lastKnownFileType = sourcecode.swift; path = MockGDSInstructionsViewModel.swift; sourceTree = "<group>"; };
		3BEF893E2AD022C400029AC4 /* XCTestCase.swift */ = {isa = PBXFileReference; fileEncoding = 4; lastKnownFileType = sourcecode.swift; path = XCTestCase.swift; sourceTree = "<group>"; };
		3BEF893F2AD022C400029AC4 /* UIView+Test_Extensions.swift */ = {isa = PBXFileReference; fileEncoding = 4; lastKnownFileType = sourcecode.swift; path = "UIView+Test_Extensions.swift"; sourceTree = "<group>"; };
/* End PBXFileReference section */

/* Begin PBXFrameworksBuildPhase section */
		2B0843FD2ABC79BB00188BA0 /* Frameworks */ = {
			isa = PBXFrameworksBuildPhase;
			buildActionMask = 2147483647;
			files = (
			);
			runOnlyForDeploymentPostprocessing = 0;
		};
		2B9BDC062ABC5A5600452E23 /* Frameworks */ = {
			isa = PBXFrameworksBuildPhase;
			buildActionMask = 2147483647;
			files = (
				3BEF894B2AD0262C00029AC4 /* GDSCommon in Frameworks */,
				3BEF89492AD0262C00029AC4 /* GDSAnalytics in Frameworks */,
			);
			runOnlyForDeploymentPostprocessing = 0;
		};
/* End PBXFrameworksBuildPhase section */

/* Begin PBXGroup section */
		2B9BDC002ABC5A5600452E23 = {
			isa = PBXGroup;
			children = (
				3BEF891B2AD022B600029AC4 /* GDSCommon-Demo */,
				3BEF89372AD022C400029AC4 /* GDSCommon-DemoTests */,
				2B9BDC0A2ABC5A5600452E23 /* Products */,
				3BEF89472AD0262C00029AC4 /* Frameworks */,
			);
			sourceTree = "<group>";
		};
		2B9BDC0A2ABC5A5600452E23 /* Products */ = {
			isa = PBXGroup;
			children = (
				2B9BDC092ABC5A5600452E23 /* GDSCommon-Demo.app */,
				2B0844002ABC79BB00188BA0 /* GDSCommon-DemoTests.xctest */,
			);
			name = Products;
			sourceTree = "<group>";
		};
		3BEF891B2AD022B600029AC4 /* GDSCommon-Demo */ = {
			isa = PBXGroup;
			children = (
				3BEF891C2AD022B600029AC4 /* Mocks */,
				3BEF89222AD022B600029AC4 /* Assets.xcassets */,
				3BEF89232AD022B600029AC4 /* DemoViewController.swift */,
				3BEF89242AD022B600029AC4 /* LaunchScreen.storyboard */,
				3BEF89262AD022B600029AC4 /* Demo.storyboard */,
				3BEF89282AD022B600029AC4 /* AppDelegate.swift */,
				3BEF89292AD022B600029AC4 /* Info.plist */,
				3BEF892A2AD022B600029AC4 /* SceneDelegate.swift */,
			);
			name = "GDSCommon-Demo";
			path = "Example/GDSCommon-Demo";
			sourceTree = "<group>";
		};
		3BEF891C2AD022B600029AC4 /* Mocks */ = {
			isa = PBXGroup;
			children = (
				3BEF891D2AD022B600029AC4 /* MockInstructionWithImageViewModel.swift */,
				3BEF891E2AD022B600029AC4 /* Screens.swift */,
				3BEF891F2AD022B600029AC4 /* MockButtonViewModel.swift */,
				3BEF89202AD022B600029AC4 /* MockGDSInstructionsViewModel.swift */,
				3BEF89212AD022B600029AC4 /* MockModalInfoViewModel.swift */,
			);
			path = Mocks;
			sourceTree = "<group>";
		};
		3BEF89372AD022C400029AC4 /* GDSCommon-DemoTests */ = {
			isa = PBXGroup;
			children = (
				3B3963252AD5379D0097B073 /* UnitTestPlan.xctestplan */,
				3BEF89382AD022C400029AC4 /* GDSCommon_DemoTests.swift */,
				3BEF89392AD022C400029AC4 /* GDSInstructionsViewControllerTests.swift */,
				3BEF893A2AD022C400029AC4 /* ModalInfoViewControllerTests.swift */,
				3BEF893B2AD022C400029AC4 /* InstructionsWithImageViewControllerTests.swift */,
				3BEF893C2AD022C400029AC4 /* MockGDSInstructionsViewModel.swift */,
				3BEF893D2AD022C400029AC4 /* TestExtensions */,
			);
			name = "GDSCommon-DemoTests";
			path = "Example/GDSCommon-DemoTests";
			sourceTree = "<group>";
		};
		3BEF893D2AD022C400029AC4 /* TestExtensions */ = {
			isa = PBXGroup;
			children = (
				3BEF893E2AD022C400029AC4 /* XCTestCase.swift */,
				3BEF893F2AD022C400029AC4 /* UIView+Test_Extensions.swift */,
			);
			path = TestExtensions;
			sourceTree = "<group>";
		};
		3BEF89472AD0262C00029AC4 /* Frameworks */ = {
			isa = PBXGroup;
			children = (
			);
			name = Frameworks;
			sourceTree = "<group>";
		};
/* End PBXGroup section */

/* Begin PBXNativeTarget section */
		2B0843FF2ABC79BB00188BA0 /* GDSCommon-DemoTests */ = {
			isa = PBXNativeTarget;
			buildConfigurationList = 2B0844062ABC79BB00188BA0 /* Build configuration list for PBXNativeTarget "GDSCommon-DemoTests" */;
			buildPhases = (
				2B0843FC2ABC79BB00188BA0 /* Sources */,
				2B0843FD2ABC79BB00188BA0 /* Frameworks */,
				2B0843FE2ABC79BB00188BA0 /* Resources */,
			);
			buildRules = (
			);
			dependencies = (
				2B0844052ABC79BB00188BA0 /* PBXTargetDependency */,
			);
			name = "GDSCommon-DemoTests";
			productName = "GDSCommon-DemoTests";
			productReference = 2B0844002ABC79BB00188BA0 /* GDSCommon-DemoTests.xctest */;
			productType = "com.apple.product-type.bundle.unit-test";
		};
		2B9BDC082ABC5A5600452E23 /* GDSCommon-Demo */ = {
			isa = PBXNativeTarget;
			buildConfigurationList = 2B9BDC1D2ABC5A5700452E23 /* Build configuration list for PBXNativeTarget "GDSCommon-Demo" */;
			buildPhases = (
				3B3963272AD5B4E10097B073 /* Run Swiftlint */,
				2B9BDC052ABC5A5600452E23 /* Sources */,
				2B9BDC062ABC5A5600452E23 /* Frameworks */,
				2B9BDC072ABC5A5600452E23 /* Resources */,
			);
			buildRules = (
			);
			dependencies = (
			);
			name = "GDSCommon-Demo";
			packageProductDependencies = (
				3BEF89482AD0262C00029AC4 /* GDSAnalytics */,
				3BEF894A2AD0262C00029AC4 /* GDSCommon */,
			);
			productName = "GDSCommon-Demo";
			productReference = 2B9BDC092ABC5A5600452E23 /* GDSCommon-Demo.app */;
			productType = "com.apple.product-type.application";
		};
/* End PBXNativeTarget section */

/* Begin PBXProject section */
		2B9BDC012ABC5A5600452E23 /* Project object */ = {
			isa = PBXProject;
			attributes = {
				BuildIndependentTargetsInParallel = 1;
				LastSwiftUpdateCheck = 1500;
				LastUpgradeCheck = 1500;
				TargetAttributes = {
					2B0843FF2ABC79BB00188BA0 = {
						CreatedOnToolsVersion = 15.0;
						TestTargetID = 2B9BDC082ABC5A5600452E23;
					};
					2B9BDC082ABC5A5600452E23 = {
						CreatedOnToolsVersion = 15.0;
					};
				};
			};
			buildConfigurationList = 2B9BDC042ABC5A5600452E23 /* Build configuration list for PBXProject "GDSCommon-Demo" */;
			compatibilityVersion = "Xcode 14.0";
			developmentRegion = en;
			hasScannedForEncodings = 0;
			knownRegions = (
				en,
				Base,
			);
			mainGroup = 2B9BDC002ABC5A5600452E23;
			packageReferences = (
			);
			productRefGroup = 2B9BDC0A2ABC5A5600452E23 /* Products */;
			projectDirPath = "";
			projectRoot = "";
			targets = (
				2B9BDC082ABC5A5600452E23 /* GDSCommon-Demo */,
				2B0843FF2ABC79BB00188BA0 /* GDSCommon-DemoTests */,
			);
		};
/* End PBXProject section */

/* Begin PBXResourcesBuildPhase section */
		2B0843FE2ABC79BB00188BA0 /* Resources */ = {
			isa = PBXResourcesBuildPhase;
			buildActionMask = 2147483647;
			files = (
			);
			runOnlyForDeploymentPostprocessing = 0;
		};
		2B9BDC072ABC5A5600452E23 /* Resources */ = {
			isa = PBXResourcesBuildPhase;
			buildActionMask = 2147483647;
			files = (
				3BEF89302AD022B600029AC4 /* Assets.xcassets in Resources */,
				3BEF89322AD022B600029AC4 /* LaunchScreen.storyboard in Resources */,
				3BEF89332AD022B600029AC4 /* Demo.storyboard in Resources */,
			);
			runOnlyForDeploymentPostprocessing = 0;
		};
/* End PBXResourcesBuildPhase section */

/* Begin PBXShellScriptBuildPhase section */
		3B3963272AD5B4E10097B073 /* Run Swiftlint */ = {
			isa = PBXShellScriptBuildPhase;
			alwaysOutOfDate = 1;
			buildActionMask = 2147483647;
			files = (
			);
			inputFileListPaths = (
			);
			inputPaths = (
			);
			name = "Run Swiftlint";
			outputFileListPaths = (
			);
			outputPaths = (
			);
			runOnlyForDeploymentPostprocessing = 0;
			shellPath = /bin/sh;
			shellScript = "if test -d \"/opt/homebrew/bin/\"; then\n  PATH=\"/opt/homebrew/bin/:${PATH}\"\nfi\n\nif which swiftlint >/dev/null; then\n  swiftlint --fix\n  swiftlint\nelse\n  echo \"warning: SwiftLint not installed, please run brew install swiftlint\"\nfi\n\n";
		};
/* End PBXShellScriptBuildPhase section */

/* Begin PBXSourcesBuildPhase section */
		2B0843FC2ABC79BB00188BA0 /* Sources */ = {
			isa = PBXSourcesBuildPhase;
			buildActionMask = 2147483647;
			files = (
				3BEF89462AD022C400029AC4 /* UIView+Test_Extensions.swift in Sources */,
				3BEF89412AD022C400029AC4 /* GDSInstructionsViewControllerTests.swift in Sources */,
				3BEF89402AD022C400029AC4 /* GDSCommon_DemoTests.swift in Sources */,
				3BEF89422AD022C400029AC4 /* ModalInfoViewControllerTests.swift in Sources */,
				3BEF89432AD022C400029AC4 /* InstructionsWithImageViewControllerTests.swift in Sources */,
				3BEF89452AD022C400029AC4 /* XCTestCase.swift in Sources */,
				3BEF89442AD022C400029AC4 /* MockGDSInstructionsViewModel.swift in Sources */,
			);
			runOnlyForDeploymentPostprocessing = 0;
		};
		2B9BDC052ABC5A5600452E23 /* Sources */ = {
			isa = PBXSourcesBuildPhase;
			buildActionMask = 2147483647;
			files = (
				3BEF892D2AD022B600029AC4 /* MockButtonViewModel.swift in Sources */,
				3BEF892B2AD022B600029AC4 /* MockInstructionWithImageViewModel.swift in Sources */,
				3BEF892E2AD022B600029AC4 /* MockGDSInstructionsViewModel.swift in Sources */,
				3BEF89312AD022B600029AC4 /* DemoViewController.swift in Sources */,
				3BEF89342AD022B600029AC4 /* AppDelegate.swift in Sources */,
				3BEF892C2AD022B600029AC4 /* Screens.swift in Sources */,
				3BEF892F2AD022B600029AC4 /* MockModalInfoViewModel.swift in Sources */,
				3BEF89362AD022B600029AC4 /* SceneDelegate.swift in Sources */,
			);
			runOnlyForDeploymentPostprocessing = 0;
		};
/* End PBXSourcesBuildPhase section */

/* Begin PBXTargetDependency section */
		2B0844052ABC79BB00188BA0 /* PBXTargetDependency */ = {
			isa = PBXTargetDependency;
			target = 2B9BDC082ABC5A5600452E23 /* GDSCommon-Demo */;
			targetProxy = 2B0844042ABC79BB00188BA0 /* PBXContainerItemProxy */;
		};
/* End PBXTargetDependency section */

/* Begin PBXVariantGroup section */
		3BEF89242AD022B600029AC4 /* LaunchScreen.storyboard */ = {
			isa = PBXVariantGroup;
			children = (
				3BEF89252AD022B600029AC4 /* Base */,
			);
			name = LaunchScreen.storyboard;
			sourceTree = "<group>";
		};
		3BEF89262AD022B600029AC4 /* Demo.storyboard */ = {
			isa = PBXVariantGroup;
			children = (
				3BEF89272AD022B600029AC4 /* Base */,
			);
			name = Demo.storyboard;
			sourceTree = "<group>";
		};
/* End PBXVariantGroup section */

/* Begin XCBuildConfiguration section */
		2B0844072ABC79BB00188BA0 /* Debug */ = {
			isa = XCBuildConfiguration;
			buildSettings = {
				ALWAYS_EMBED_SWIFT_STANDARD_LIBRARIES = YES;
				ASSETCATALOG_COMPILER_GLOBAL_ACCENT_COLOR_NAME = AccentColor;
				BUNDLE_LOADER = "$(TEST_HOST)";
				CODE_SIGN_STYLE = Automatic;
				CURRENT_PROJECT_VERSION = 1;
				DEVELOPMENT_TEAM = N8W395F695;
				GENERATE_INFOPLIST_FILE = YES;
				MARKETING_VERSION = 1.0;
				PRODUCT_BUNDLE_IDENTIFIER = "com.benmckillop.GDSCommon-DemoTests";
				PRODUCT_NAME = "$(TARGET_NAME)";
				SWIFT_EMIT_LOC_STRINGS = NO;
				SWIFT_VERSION = 5.0;
				TARGETED_DEVICE_FAMILY = "1,2";
				TEST_HOST = "$(BUILT_PRODUCTS_DIR)/GDSCommon-Demo.app/$(BUNDLE_EXECUTABLE_FOLDER_PATH)/GDSCommon-Demo";
			};
			name = Debug;
		};
		2B0844082ABC79BB00188BA0 /* Release */ = {
			isa = XCBuildConfiguration;
			buildSettings = {
				ALWAYS_EMBED_SWIFT_STANDARD_LIBRARIES = YES;
				ASSETCATALOG_COMPILER_GLOBAL_ACCENT_COLOR_NAME = AccentColor;
				BUNDLE_LOADER = "$(TEST_HOST)";
				CODE_SIGN_STYLE = Automatic;
				CURRENT_PROJECT_VERSION = 1;
				DEVELOPMENT_TEAM = N8W395F695;
				GENERATE_INFOPLIST_FILE = YES;
				MARKETING_VERSION = 1.0;
				PRODUCT_BUNDLE_IDENTIFIER = "com.benmckillop.GDSCommon-DemoTests";
				PRODUCT_NAME = "$(TARGET_NAME)";
				SWIFT_EMIT_LOC_STRINGS = NO;
				SWIFT_VERSION = 5.0;
				TARGETED_DEVICE_FAMILY = "1,2";
				TEST_HOST = "$(BUILT_PRODUCTS_DIR)/GDSCommon-Demo.app/$(BUNDLE_EXECUTABLE_FOLDER_PATH)/GDSCommon-Demo";
			};
			name = Release;
		};
		2B9BDC1B2ABC5A5700452E23 /* Debug */ = {
			isa = XCBuildConfiguration;
			buildSettings = {
				ALWAYS_SEARCH_USER_PATHS = NO;
				ASSETCATALOG_COMPILER_GENERATE_SWIFT_ASSET_SYMBOL_EXTENSIONS = YES;
				CLANG_ANALYZER_NONNULL = YES;
				CLANG_ANALYZER_NUMBER_OBJECT_CONVERSION = YES_AGGRESSIVE;
				CLANG_CXX_LANGUAGE_STANDARD = "gnu++20";
				CLANG_ENABLE_MODULES = YES;
				CLANG_ENABLE_OBJC_ARC = YES;
				CLANG_ENABLE_OBJC_WEAK = YES;
				CLANG_WARN_BLOCK_CAPTURE_AUTORELEASING = YES;
				CLANG_WARN_BOOL_CONVERSION = YES;
				CLANG_WARN_COMMA = YES;
				CLANG_WARN_CONSTANT_CONVERSION = YES;
				CLANG_WARN_DEPRECATED_OBJC_IMPLEMENTATIONS = YES;
				CLANG_WARN_DIRECT_OBJC_ISA_USAGE = YES_ERROR;
				CLANG_WARN_DOCUMENTATION_COMMENTS = YES;
				CLANG_WARN_EMPTY_BODY = YES;
				CLANG_WARN_ENUM_CONVERSION = YES;
				CLANG_WARN_INFINITE_RECURSION = YES;
				CLANG_WARN_INT_CONVERSION = YES;
				CLANG_WARN_NON_LITERAL_NULL_CONVERSION = YES;
				CLANG_WARN_OBJC_IMPLICIT_RETAIN_SELF = YES;
				CLANG_WARN_OBJC_LITERAL_CONVERSION = YES;
				CLANG_WARN_OBJC_ROOT_CLASS = YES_ERROR;
				CLANG_WARN_QUOTED_INCLUDE_IN_FRAMEWORK_HEADER = YES;
				CLANG_WARN_RANGE_LOOP_ANALYSIS = YES;
				CLANG_WARN_STRICT_PROTOTYPES = YES;
				CLANG_WARN_SUSPICIOUS_MOVE = YES;
				CLANG_WARN_UNGUARDED_AVAILABILITY = YES_AGGRESSIVE;
				CLANG_WARN_UNREACHABLE_CODE = YES;
				CLANG_WARN__DUPLICATE_METHOD_MATCH = YES;
				COPY_PHASE_STRIP = NO;
				DEBUG_INFORMATION_FORMAT = dwarf;
				ENABLE_STRICT_OBJC_MSGSEND = YES;
				ENABLE_TESTABILITY = YES;
				ENABLE_USER_SCRIPT_SANDBOXING = YES;
				GCC_C_LANGUAGE_STANDARD = gnu17;
				GCC_DYNAMIC_NO_PIC = NO;
				GCC_NO_COMMON_BLOCKS = YES;
				GCC_OPTIMIZATION_LEVEL = 0;
				GCC_PREPROCESSOR_DEFINITIONS = (
					"DEBUG=1",
					"$(inherited)",
				);
				GCC_WARN_64_TO_32_BIT_CONVERSION = YES;
				GCC_WARN_ABOUT_RETURN_TYPE = YES_ERROR;
				GCC_WARN_UNDECLARED_SELECTOR = YES;
				GCC_WARN_UNINITIALIZED_AUTOS = YES_AGGRESSIVE;
				GCC_WARN_UNUSED_FUNCTION = YES;
				GCC_WARN_UNUSED_VARIABLE = YES;
				INFOPLIST_KEY_NSMainStoryboardFile = Demo;
				IPHONEOS_DEPLOYMENT_TARGET = 17.0;
				LOCALIZATION_PREFERS_STRING_CATALOGS = YES;
				MTL_ENABLE_DEBUG_INFO = INCLUDE_SOURCE;
				MTL_FAST_MATH = YES;
				ONLY_ACTIVE_ARCH = YES;
				SDKROOT = iphoneos;
				SWIFT_ACTIVE_COMPILATION_CONDITIONS = "DEBUG $(inherited)";
				SWIFT_OPTIMIZATION_LEVEL = "-Onone";
			};
			name = Debug;
		};
		2B9BDC1C2ABC5A5700452E23 /* Release */ = {
			isa = XCBuildConfiguration;
			buildSettings = {
				ALWAYS_SEARCH_USER_PATHS = NO;
				ASSETCATALOG_COMPILER_GENERATE_SWIFT_ASSET_SYMBOL_EXTENSIONS = YES;
				CLANG_ANALYZER_NONNULL = YES;
				CLANG_ANALYZER_NUMBER_OBJECT_CONVERSION = YES_AGGRESSIVE;
				CLANG_CXX_LANGUAGE_STANDARD = "gnu++20";
				CLANG_ENABLE_MODULES = YES;
				CLANG_ENABLE_OBJC_ARC = YES;
				CLANG_ENABLE_OBJC_WEAK = YES;
				CLANG_WARN_BLOCK_CAPTURE_AUTORELEASING = YES;
				CLANG_WARN_BOOL_CONVERSION = YES;
				CLANG_WARN_COMMA = YES;
				CLANG_WARN_CONSTANT_CONVERSION = YES;
				CLANG_WARN_DEPRECATED_OBJC_IMPLEMENTATIONS = YES;
				CLANG_WARN_DIRECT_OBJC_ISA_USAGE = YES_ERROR;
				CLANG_WARN_DOCUMENTATION_COMMENTS = YES;
				CLANG_WARN_EMPTY_BODY = YES;
				CLANG_WARN_ENUM_CONVERSION = YES;
				CLANG_WARN_INFINITE_RECURSION = YES;
				CLANG_WARN_INT_CONVERSION = YES;
				CLANG_WARN_NON_LITERAL_NULL_CONVERSION = YES;
				CLANG_WARN_OBJC_IMPLICIT_RETAIN_SELF = YES;
				CLANG_WARN_OBJC_LITERAL_CONVERSION = YES;
				CLANG_WARN_OBJC_ROOT_CLASS = YES_ERROR;
				CLANG_WARN_QUOTED_INCLUDE_IN_FRAMEWORK_HEADER = YES;
				CLANG_WARN_RANGE_LOOP_ANALYSIS = YES;
				CLANG_WARN_STRICT_PROTOTYPES = YES;
				CLANG_WARN_SUSPICIOUS_MOVE = YES;
				CLANG_WARN_UNGUARDED_AVAILABILITY = YES_AGGRESSIVE;
				CLANG_WARN_UNREACHABLE_CODE = YES;
				CLANG_WARN__DUPLICATE_METHOD_MATCH = YES;
				COPY_PHASE_STRIP = NO;
				DEBUG_INFORMATION_FORMAT = "dwarf-with-dsym";
				ENABLE_NS_ASSERTIONS = NO;
				ENABLE_STRICT_OBJC_MSGSEND = YES;
				ENABLE_USER_SCRIPT_SANDBOXING = YES;
				GCC_C_LANGUAGE_STANDARD = gnu17;
				GCC_NO_COMMON_BLOCKS = YES;
				GCC_WARN_64_TO_32_BIT_CONVERSION = YES;
				GCC_WARN_ABOUT_RETURN_TYPE = YES_ERROR;
				GCC_WARN_UNDECLARED_SELECTOR = YES;
				GCC_WARN_UNINITIALIZED_AUTOS = YES_AGGRESSIVE;
				GCC_WARN_UNUSED_FUNCTION = YES;
				GCC_WARN_UNUSED_VARIABLE = YES;
				INFOPLIST_KEY_NSMainStoryboardFile = Demo;
				IPHONEOS_DEPLOYMENT_TARGET = 17.0;
				LOCALIZATION_PREFERS_STRING_CATALOGS = YES;
				MTL_ENABLE_DEBUG_INFO = NO;
				MTL_FAST_MATH = YES;
				SDKROOT = iphoneos;
				SWIFT_COMPILATION_MODE = wholemodule;
				VALIDATE_PRODUCT = YES;
			};
			name = Release;
		};
		2B9BDC1E2ABC5A5700452E23 /* Debug */ = {
			isa = XCBuildConfiguration;
			buildSettings = {
				ASSETCATALOG_COMPILER_APPICON_NAME = AppIcon;
				ASSETCATALOG_COMPILER_GLOBAL_ACCENT_COLOR_NAME = AccentColor;
				CODE_SIGN_STYLE = Automatic;
				CURRENT_PROJECT_VERSION = 1;
				DEVELOPMENT_TEAM = N8W395F695;
				ENABLE_USER_SCRIPT_SANDBOXING = NO;
				GENERATE_INFOPLIST_FILE = YES;
				INFOPLIST_FILE = "Example/GDSCommon-Demo/Info.plist";
				INFOPLIST_KEY_UIApplicationSupportsIndirectInputEvents = YES;
				INFOPLIST_KEY_UILaunchStoryboardName = LaunchScreen;
				INFOPLIST_KEY_UIMainStoryboardFile = Demo;
				INFOPLIST_KEY_UISupportedInterfaceOrientations_iPad = "UIInterfaceOrientationPortrait UIInterfaceOrientationPortraitUpsideDown UIInterfaceOrientationLandscapeLeft UIInterfaceOrientationLandscapeRight";
				INFOPLIST_KEY_UISupportedInterfaceOrientations_iPhone = "UIInterfaceOrientationPortrait UIInterfaceOrientationLandscapeLeft UIInterfaceOrientationLandscapeRight";
				LD_RUNPATH_SEARCH_PATHS = (
					"$(inherited)",
					"@executable_path/Frameworks",
				);
				MARKETING_VERSION = 1.0;
				PRODUCT_BUNDLE_IDENTIFIER = "uk.gov.digital-identity.GDSCommon-Demo";
				PRODUCT_NAME = "$(TARGET_NAME)";
				SUPPORTED_PLATFORMS = "iphoneos iphonesimulator";
				SUPPORTS_MACCATALYST = NO;
				SUPPORTS_MAC_DESIGNED_FOR_IPHONE_IPAD = NO;
				SWIFT_EMIT_LOC_STRINGS = YES;
				SWIFT_VERSION = 5.0;
				TARGETED_DEVICE_FAMILY = 1;
			};
			name = Debug;
		};
		2B9BDC1F2ABC5A5700452E23 /* Release */ = {
			isa = XCBuildConfiguration;
			buildSettings = {
				ASSETCATALOG_COMPILER_APPICON_NAME = AppIcon;
				ASSETCATALOG_COMPILER_GLOBAL_ACCENT_COLOR_NAME = AccentColor;
				CODE_SIGN_STYLE = Automatic;
				CURRENT_PROJECT_VERSION = 1;
				DEVELOPMENT_TEAM = N8W395F695;
				ENABLE_USER_SCRIPT_SANDBOXING = NO;
				GENERATE_INFOPLIST_FILE = YES;
				INFOPLIST_FILE = "Example/GDSCommon-Demo/Info.plist";
				INFOPLIST_KEY_UIApplicationSupportsIndirectInputEvents = YES;
				INFOPLIST_KEY_UILaunchStoryboardName = LaunchScreen;
				INFOPLIST_KEY_UIMainStoryboardFile = Demo;
				INFOPLIST_KEY_UISupportedInterfaceOrientations_iPad = "UIInterfaceOrientationPortrait UIInterfaceOrientationPortraitUpsideDown UIInterfaceOrientationLandscapeLeft UIInterfaceOrientationLandscapeRight";
				INFOPLIST_KEY_UISupportedInterfaceOrientations_iPhone = "UIInterfaceOrientationPortrait UIInterfaceOrientationLandscapeLeft UIInterfaceOrientationLandscapeRight";
				LD_RUNPATH_SEARCH_PATHS = (
					"$(inherited)",
					"@executable_path/Frameworks",
				);
				MARKETING_VERSION = 1.0;
				PRODUCT_BUNDLE_IDENTIFIER = "uk.gov.digital-identity.GDSCommon-Demo";
				PRODUCT_NAME = "$(TARGET_NAME)";
				SUPPORTED_PLATFORMS = "iphoneos iphonesimulator";
				SUPPORTS_MACCATALYST = NO;
				SUPPORTS_MAC_DESIGNED_FOR_IPHONE_IPAD = NO;
				SWIFT_EMIT_LOC_STRINGS = YES;
				SWIFT_VERSION = 5.0;
				TARGETED_DEVICE_FAMILY = 1;
			};
			name = Release;
		};
/* End XCBuildConfiguration section */

/* Begin XCConfigurationList section */
		2B0844062ABC79BB00188BA0 /* Build configuration list for PBXNativeTarget "GDSCommon-DemoTests" */ = {
			isa = XCConfigurationList;
			buildConfigurations = (
				2B0844072ABC79BB00188BA0 /* Debug */,
				2B0844082ABC79BB00188BA0 /* Release */,
			);
			defaultConfigurationIsVisible = 0;
			defaultConfigurationName = Release;
		};
		2B9BDC042ABC5A5600452E23 /* Build configuration list for PBXProject "GDSCommon-Demo" */ = {
			isa = XCConfigurationList;
			buildConfigurations = (
				2B9BDC1B2ABC5A5700452E23 /* Debug */,
				2B9BDC1C2ABC5A5700452E23 /* Release */,
			);
			defaultConfigurationIsVisible = 0;
			defaultConfigurationName = Release;
		};
		2B9BDC1D2ABC5A5700452E23 /* Build configuration list for PBXNativeTarget "GDSCommon-Demo" */ = {
			isa = XCConfigurationList;
			buildConfigurations = (
				2B9BDC1E2ABC5A5700452E23 /* Debug */,
				2B9BDC1F2ABC5A5700452E23 /* Release */,
			);
			defaultConfigurationIsVisible = 0;
			defaultConfigurationName = Release;
		};
/* End XCConfigurationList section */

/* Begin XCSwiftPackageProductDependency section */
		3BEF89482AD0262C00029AC4 /* GDSAnalytics */ = {
			isa = XCSwiftPackageProductDependency;
			productName = GDSAnalytics;
		};
		3BEF894A2AD0262C00029AC4 /* GDSCommon */ = {
			isa = XCSwiftPackageProductDependency;
			productName = GDSCommon;
		};
/* End XCSwiftPackageProductDependency section */
	};
	rootObject = 2B9BDC012ABC5A5600452E23 /* Project object */;
}
