// !$*UTF8*$!
{
	archiveVersion = 1;
	classes = {
	};
	objectVersion = 60;
	objects = {

/* Begin PBXBuildFile section */
		03A7F4EC2D8D794700CFA364 /* ErrorScreenTests.swift in Sources */ = {isa = PBXBuildFile; fileRef = 03A7F4EB2D8D794100CFA364 /* ErrorScreenTests.swift */; };
		03A7F4F02D8D8D8C00CFA364 /* MockGDSErrorViewModelV3.swift in Sources */ = {isa = PBXBuildFile; fileRef = 03A7F4EE2D8D892B00CFA364 /* MockGDSErrorViewModelV3.swift */; };
		1E3851602D0B179F00006E06 /* MockGDSCentreAlignedViewModel.swift in Sources */ = {isa = PBXBuildFile; fileRef = 1E38515F2D0B179400006E06 /* MockGDSCentreAlignedViewModel.swift */; };
		1E891B722B628AA000744E3D /* MockGDSInformationViewModel.swift in Sources */ = {isa = PBXBuildFile; fileRef = 1E891B712B628AA000744E3D /* MockGDSInformationViewModel.swift */; };
		1E891B772B63CCB000744E3D /* GDSCentreAlignedScreenTests.swift in Sources */ = {isa = PBXBuildFile; fileRef = 1E891B762B63CCB000744E3D /* GDSCentreAlignedScreenTests.swift */; };
		21AB39DC2B142B5400A26268 /* ResultsViewControllerTests.swift in Sources */ = {isa = PBXBuildFile; fileRef = 21AB39DB2B142B5400A26268 /* ResultsViewControllerTests.swift */; };
		21D9929F2B13F4DA00F4982F /* MockResultsViewModel.swift in Sources */ = {isa = PBXBuildFile; fileRef = 21D9929E2B13F4DA00F4982F /* MockResultsViewModel.swift */; };
		2B0844092ABC79C300188BA0 /* ModalInfoViewControllerTests.swift in Sources */ = {isa = PBXBuildFile; fileRef = 2B0843F72ABC797E00188BA0 /* ModalInfoViewControllerTests.swift */; };
		2B08440A2ABC79C300188BA0 /* GDSInstructionsViewControllerTests.swift in Sources */ = {isa = PBXBuildFile; fileRef = 2B0843F52ABC797E00188BA0 /* GDSInstructionsViewControllerTests.swift */; };
		2B08440B2ABC79C300188BA0 /* MockGDSInstructionsViewModel.swift in Sources */ = {isa = PBXBuildFile; fileRef = 2B0843F42ABC797E00188BA0 /* MockGDSInstructionsViewModel.swift */; };
		2B08440F2ABC7A5B00188BA0 /* UIView+Test_Extensions.swift in Sources */ = {isa = PBXBuildFile; fileRef = 2B08440E2ABC7A5B00188BA0 /* UIView+Test_Extensions.swift */; };
		2B0844112ABC7A7700188BA0 /* XCTestCase.swift in Sources */ = {isa = PBXBuildFile; fileRef = 2B0844102ABC7A7700188BA0 /* XCTestCase.swift */; };
		2B17F8F22B5EB939006926D0 /* MockPopoverItemViewModel.swift in Sources */ = {isa = PBXBuildFile; fileRef = 2B17F8F12B5EB939006926D0 /* MockPopoverItemViewModel.swift */; };
		2B2F43FB2AE912BA00BDCC72 /* MockIconScreenViewModel.swift in Sources */ = {isa = PBXBuildFile; fileRef = 2B2F43FA2AE912BA00BDCC72 /* MockIconScreenViewModel.swift */; };
		2B74D6652AC317B2002D992C /* Demo.storyboard in Resources */ = {isa = PBXBuildFile; fileRef = 2B9BDC122ABC5A5600452E23 /* Demo.storyboard */; };
		2B78F2FA2AD598FC003C3445 /* MockDialogPresenter.swift in Sources */ = {isa = PBXBuildFile; fileRef = 2B78F2F92AD598FC003C3445 /* MockDialogPresenter.swift */; };
		2B9375192B500DAD00E2A6B9 /* MockBulletViewModel.swift in Sources */ = {isa = PBXBuildFile; fileRef = 2B9375182B500DAD00E2A6B9 /* MockBulletViewModel.swift */; };
		2B9BDC0D2ABC5A5600452E23 /* AppDelegate.swift in Sources */ = {isa = PBXBuildFile; fileRef = 2B9BDC0C2ABC5A5600452E23 /* AppDelegate.swift */; };
		2B9BDC0F2ABC5A5600452E23 /* SceneDelegate.swift in Sources */ = {isa = PBXBuildFile; fileRef = 2B9BDC0E2ABC5A5600452E23 /* SceneDelegate.swift */; };
		2B9BDC112ABC5A5600452E23 /* DemoViewController.swift in Sources */ = {isa = PBXBuildFile; fileRef = 2B9BDC102ABC5A5600452E23 /* DemoViewController.swift */; };
		2B9BDC162ABC5A5700452E23 /* Assets.xcassets in Resources */ = {isa = PBXBuildFile; fileRef = 2B9BDC152ABC5A5700452E23 /* Assets.xcassets */; };
		2B9BDC192ABC5A5700452E23 /* LaunchScreen.storyboard in Resources */ = {isa = PBXBuildFile; fileRef = 2B9BDC172ABC5A5700452E23 /* LaunchScreen.storyboard */; };
		2BA0632D2AC5C98E0064E354 /* GDSCommon in Frameworks */ = {isa = PBXBuildFile; productRef = 2BA0632C2AC5C98E0064E354 /* GDSCommon */; };
		2BB5C7892AD3F7DE006BE7E2 /* ScanningViewControllerTests.swift in Sources */ = {isa = PBXBuildFile; fileRef = 2BB5C7882AD3F7DE006BE7E2 /* ScanningViewControllerTests.swift */; };
		2BCBA1262ACDB408009ED436 /* MockQRScanningViewModel.swift in Sources */ = {isa = PBXBuildFile; fileRef = 2BCBA1252ACDB408009ED436 /* MockQRScanningViewModel.swift */; };
		2BD04BF62B729C0200AC5279 /* MockGDSCentreAlignedViewModel.swift in Sources */ = {isa = PBXBuildFile; fileRef = 2BD04BF42B729A1C00AC5279 /* MockGDSCentreAlignedViewModel.swift */; };
		2BF197222ABDA05500AC9620 /* MockInstructionWithImageViewModel.swift in Sources */ = {isa = PBXBuildFile; fileRef = 2BF197212ABDA05500AC9620 /* MockInstructionWithImageViewModel.swift */; };
		2BF197242ABDA06D00AC9620 /* MockButtonViewModel.swift in Sources */ = {isa = PBXBuildFile; fileRef = 2BF197232ABDA06D00AC9620 /* MockButtonViewModel.swift */; };
		2BF197262ABDA08700AC9620 /* MockGDSInstructionsViewModel.swift in Sources */ = {isa = PBXBuildFile; fileRef = 2BF197252ABDA08700AC9620 /* MockGDSInstructionsViewModel.swift */; };
		2BF197282ABDA0A000AC9620 /* Screens.swift in Sources */ = {isa = PBXBuildFile; fileRef = 2BF197272ABDA0A000AC9620 /* Screens.swift */; };
		2BF1972B2ABDA1B800AC9620 /* MockModalInfoViewModel.swift in Sources */ = {isa = PBXBuildFile; fileRef = 2BF1972A2ABDA1B800AC9620 /* MockModalInfoViewModel.swift */; };
		3B61C6E12ACDC580001359F1 /* IntroViewControllerTests.swift in Sources */ = {isa = PBXBuildFile; fileRef = 3B61C6E02ACDC580001359F1 /* IntroViewControllerTests.swift */; };
		7C5137752AD99EF700163E83 /* MockDetectBarcodeRequest.swift in Sources */ = {isa = PBXBuildFile; fileRef = 7C5137742AD99EF700163E83 /* MockDetectBarcodeRequest.swift */; };
		7C5137772AD99F0B00163E83 /* MockBarcodeRequest.swift in Sources */ = {isa = PBXBuildFile; fileRef = 7C5137762AD99F0B00163E83 /* MockBarcodeRequest.swift */; };
		7C5137792AD99F2300163E83 /* MockBarcodeObservation.swift in Sources */ = {isa = PBXBuildFile; fileRef = 7C5137782AD99F2300163E83 /* MockBarcodeObservation.swift */; };
		7C51377B2AD9DA8A00163E83 /* MockCaptureDevice.swift in Sources */ = {isa = PBXBuildFile; fileRef = 7C51377A2AD9DA8A00163E83 /* MockCaptureDevice.swift */; };
		7CBC376B2ADB01C200572312 /* MockCaptureSession.swift in Sources */ = {isa = PBXBuildFile; fileRef = 7CBC376A2ADB01C200572312 /* MockCaptureSession.swift */; };
		9634B4662ACDAAEF00A60CC8 /* MockListViewModel.swift in Sources */ = {isa = PBXBuildFile; fileRef = 9634B4652ACDAAEF00A60CC8 /* MockListViewModel.swift */; };
		9634B46A2ACDAE8E00A60CC8 /* GDSListOptionsViewControllerTests.swift in Sources */ = {isa = PBXBuildFile; fileRef = 9634B4692ACDAE8E00A60CC8 /* GDSListOptionsViewControllerTests.swift */; };
		96588BDC2AD02AB30035FF93 /* Date+Extensions.swift in Sources */ = {isa = PBXBuildFile; fileRef = 96588BDB2AD02AB30035FF93 /* Date+Extensions.swift */; };
		96588BE02AD046420035FF93 /* DatePickerScreenViewControllerTests.swift in Sources */ = {isa = PBXBuildFile; fileRef = 96588BDF2AD046420035FF93 /* DatePickerScreenViewControllerTests.swift */; };
		96588BE62AD06A430035FF93 /* ViewControllerInitialiser+Extensions.swift in Sources */ = {isa = PBXBuildFile; fileRef = 96588BE52AD06A430035FF93 /* ViewControllerInitialiser+Extensions.swift */; };
		96588BE82AD06CD20035FF93 /* MockTextInputViewModel.swift in Sources */ = {isa = PBXBuildFile; fileRef = 96588BE72AD06CD20035FF93 /* MockTextInputViewModel.swift */; };
		96588BEA2AD06CE30035FF93 /* MockTextFieldViewModel.swift in Sources */ = {isa = PBXBuildFile; fileRef = 96588BE92AD06CE30035FF93 /* MockTextFieldViewModel.swift */; };
		96588BEC2AD6AD8A0035FF93 /* TextInputViewControllerTests.swift in Sources */ = {isa = PBXBuildFile; fileRef = 96588BEB2AD6AD8A0035FF93 /* TextInputViewControllerTests.swift */; };
		968598AB2B03877D00462D0B /* BaseViewControllerTests.swift in Sources */ = {isa = PBXBuildFile; fileRef = 968598AA2B03877D00462D0B /* BaseViewControllerTests.swift */; };
		968598AE2B03891000462D0B /* MockBaseViewModel.swift in Sources */ = {isa = PBXBuildFile; fileRef = 968598AC2B03878900462D0B /* MockBaseViewModel.swift */; };
		968598B12B03AA7E00462D0B /* MockBase.xib in Resources */ = {isa = PBXBuildFile; fileRef = 968598AF2B03A7C300462D0B /* MockBase.xib */; };
		96F523FD2DC3D30500547FB6 /* MockLeftAlignedViewModel.swift in Sources */ = {isa = PBXBuildFile; fileRef = 96F523FC2DC3D30500547FB6 /* MockLeftAlignedViewModel.swift */; };
		96FEBF922ACEC0F30067CC10 /* MockDatePickerViewModel.swift in Sources */ = {isa = PBXBuildFile; fileRef = 96FEBF902ACEC0F30067CC10 /* MockDatePickerViewModel.swift */; };
		96FEBF932ACEC0F30067CC10 /* MockDatePickerScreenViewModel.swift in Sources */ = {isa = PBXBuildFile; fileRef = 96FEBF912ACEC0F30067CC10 /* MockDatePickerScreenViewModel.swift */; };
		96FEFC192ACD9FF400313194 /* InstructionsWithImageViewControllerTests.swift in Sources */ = {isa = PBXBuildFile; fileRef = 2B0843F62ABC797E00188BA0 /* InstructionsWithImageViewControllerTests.swift */; };
		C8292BAF2DB0FA8A00B0DB4E /* MockNumberedListViewModel.swift in Sources */ = {isa = PBXBuildFile; fileRef = C8292BAE2DB0FA8200B0DB4E /* MockNumberedListViewModel.swift */; };
		C8A3955F2B20BA6700333669 /* GDSErrorViewControllerTests.swift in Sources */ = {isa = PBXBuildFile; fileRef = C8A3955E2B20BA6700333669 /* GDSErrorViewControllerTests.swift */; };
		C8C343AA2B927C7200E92FB9 /* MockModalInfoViewModel.swift in Sources */ = {isa = PBXBuildFile; fileRef = 2BF1972A2ABDA1B800AC9620 /* MockModalInfoViewModel.swift */; };
		C8C90DCF2ADDADFD00158516 /* (null) in Sources */ = {isa = PBXBuildFile; };
		C8C9297F2ACDCA1700A130C3 /* MockIntroViewModel.swift in Sources */ = {isa = PBXBuildFile; fileRef = C8C9297E2ACDCA1700A130C3 /* MockIntroViewModel.swift */; };
		C8CFBFF92ADDA0C700BE35C5 /* MockOptionViewModel.swift in Sources */ = {isa = PBXBuildFile; fileRef = C8CFBFF82ADDA0C700BE35C5 /* MockOptionViewModel.swift */; };
		C8FC500D2B1F770900083CB4 /* MockErrorViewModel.swift in Sources */ = {isa = PBXBuildFile; fileRef = C8FC500C2B1F770900083CB4 /* MockErrorViewModel.swift */; };
		D0726FA52BF76CAF0043AEF1 /* MockGDSLoadingViewModel.swift in Sources */ = {isa = PBXBuildFile; fileRef = D0726FA42BF76CAF0043AEF1 /* MockGDSLoadingViewModel.swift */; };
		D0726FA72BF77BE20043AEF1 /* GDSLoadingViewControllerTests.swift in Sources */ = {isa = PBXBuildFile; fileRef = D0726FA62BF77BE20043AEF1 /* GDSLoadingViewControllerTests.swift */; };
/* End PBXBuildFile section */

/* Begin PBXContainerItemProxy section */
		2B0844042ABC79BB00188BA0 /* PBXContainerItemProxy */ = {
			isa = PBXContainerItemProxy;
			containerPortal = 2B9BDC012ABC5A5600452E23 /* Project object */;
			proxyType = 1;
			remoteGlobalIDString = 2B9BDC082ABC5A5600452E23;
			remoteInfo = "GDSCommon-Demo";
		};
/* End PBXContainerItemProxy section */

/* Begin PBXFileReference section */
		03A7F4EB2D8D794100CFA364 /* ErrorScreenTests.swift */ = {isa = PBXFileReference; lastKnownFileType = sourcecode.swift; path = ErrorScreenTests.swift; sourceTree = "<group>"; };
		03A7F4EE2D8D892B00CFA364 /* MockGDSErrorViewModelV3.swift */ = {isa = PBXFileReference; lastKnownFileType = sourcecode.swift; path = MockGDSErrorViewModelV3.swift; sourceTree = "<group>"; };
		1E38515F2D0B179400006E06 /* MockGDSCentreAlignedViewModel.swift */ = {isa = PBXFileReference; lastKnownFileType = sourcecode.swift; path = MockGDSCentreAlignedViewModel.swift; sourceTree = "<group>"; };
		1E891B712B628AA000744E3D /* MockGDSInformationViewModel.swift */ = {isa = PBXFileReference; lastKnownFileType = sourcecode.swift; path = MockGDSInformationViewModel.swift; sourceTree = "<group>"; };
		1E891B762B63CCB000744E3D /* GDSCentreAlignedScreenTests.swift */ = {isa = PBXFileReference; lastKnownFileType = sourcecode.swift; path = GDSCentreAlignedScreenTests.swift; sourceTree = "<group>"; };
		21AB39DB2B142B5400A26268 /* ResultsViewControllerTests.swift */ = {isa = PBXFileReference; lastKnownFileType = sourcecode.swift; path = ResultsViewControllerTests.swift; sourceTree = "<group>"; };
		21D9929E2B13F4DA00F4982F /* MockResultsViewModel.swift */ = {isa = PBXFileReference; lastKnownFileType = sourcecode.swift; path = MockResultsViewModel.swift; sourceTree = "<group>"; };
		2B0843F42ABC797E00188BA0 /* MockGDSInstructionsViewModel.swift */ = {isa = PBXFileReference; lastKnownFileType = sourcecode.swift; path = MockGDSInstructionsViewModel.swift; sourceTree = "<group>"; };
		2B0843F52ABC797E00188BA0 /* GDSInstructionsViewControllerTests.swift */ = {isa = PBXFileReference; lastKnownFileType = sourcecode.swift; path = GDSInstructionsViewControllerTests.swift; sourceTree = "<group>"; };
		2B0843F62ABC797E00188BA0 /* InstructionsWithImageViewControllerTests.swift */ = {isa = PBXFileReference; lastKnownFileType = sourcecode.swift; path = InstructionsWithImageViewControllerTests.swift; sourceTree = "<group>"; };
		2B0843F72ABC797E00188BA0 /* ModalInfoViewControllerTests.swift */ = {isa = PBXFileReference; lastKnownFileType = sourcecode.swift; path = ModalInfoViewControllerTests.swift; sourceTree = "<group>"; };
		2B0844002ABC79BB00188BA0 /* GDSCommon-DemoTests.xctest */ = {isa = PBXFileReference; explicitFileType = wrapper.cfbundle; includeInIndex = 0; path = "GDSCommon-DemoTests.xctest"; sourceTree = BUILT_PRODUCTS_DIR; };
		2B08440E2ABC7A5B00188BA0 /* UIView+Test_Extensions.swift */ = {isa = PBXFileReference; lastKnownFileType = sourcecode.swift; path = "UIView+Test_Extensions.swift"; sourceTree = "<group>"; };
		2B0844102ABC7A7700188BA0 /* XCTestCase.swift */ = {isa = PBXFileReference; lastKnownFileType = sourcecode.swift; path = XCTestCase.swift; sourceTree = "<group>"; };
		2B17F8F12B5EB939006926D0 /* MockPopoverItemViewModel.swift */ = {isa = PBXFileReference; lastKnownFileType = sourcecode.swift; path = MockPopoverItemViewModel.swift; sourceTree = "<group>"; };
		2B2F43FA2AE912BA00BDCC72 /* MockIconScreenViewModel.swift */ = {isa = PBXFileReference; fileEncoding = 4; lastKnownFileType = sourcecode.swift; path = MockIconScreenViewModel.swift; sourceTree = "<group>"; };
		2B78F2F92AD598FC003C3445 /* MockDialogPresenter.swift */ = {isa = PBXFileReference; lastKnownFileType = sourcecode.swift; path = MockDialogPresenter.swift; sourceTree = "<group>"; };
		2B9375182B500DAD00E2A6B9 /* MockBulletViewModel.swift */ = {isa = PBXFileReference; lastKnownFileType = sourcecode.swift; path = MockBulletViewModel.swift; sourceTree = "<group>"; };
		2B9BDC092ABC5A5600452E23 /* GDSCommon-Demo.app */ = {isa = PBXFileReference; explicitFileType = wrapper.application; includeInIndex = 0; path = "GDSCommon-Demo.app"; sourceTree = BUILT_PRODUCTS_DIR; };
		2B9BDC0C2ABC5A5600452E23 /* AppDelegate.swift */ = {isa = PBXFileReference; lastKnownFileType = sourcecode.swift; path = AppDelegate.swift; sourceTree = "<group>"; };
		2B9BDC0E2ABC5A5600452E23 /* SceneDelegate.swift */ = {isa = PBXFileReference; lastKnownFileType = sourcecode.swift; path = SceneDelegate.swift; sourceTree = "<group>"; };
		2B9BDC102ABC5A5600452E23 /* DemoViewController.swift */ = {isa = PBXFileReference; lastKnownFileType = sourcecode.swift; path = DemoViewController.swift; sourceTree = "<group>"; };
		2B9BDC132ABC5A5600452E23 /* Base */ = {isa = PBXFileReference; lastKnownFileType = file.storyboard; name = Base; path = Base.lproj/Demo.storyboard; sourceTree = "<group>"; };
		2B9BDC152ABC5A5700452E23 /* Assets.xcassets */ = {isa = PBXFileReference; lastKnownFileType = folder.assetcatalog; path = Assets.xcassets; sourceTree = "<group>"; };
		2B9BDC182ABC5A5700452E23 /* Base */ = {isa = PBXFileReference; lastKnownFileType = file.storyboard; name = Base; path = Base.lproj/LaunchScreen.storyboard; sourceTree = "<group>"; };
		2B9BDC1A2ABC5A5700452E23 /* Info.plist */ = {isa = PBXFileReference; lastKnownFileType = text.plist.xml; path = Info.plist; sourceTree = "<group>"; };
		2B9E00EE2B55439500072EA1 /* cy */ = {isa = PBXFileReference; lastKnownFileType = text.plist.strings; name = cy; path = cy.lproj/LaunchScreen.strings; sourceTree = "<group>"; };
		2BB5C7882AD3F7DE006BE7E2 /* ScanningViewControllerTests.swift */ = {isa = PBXFileReference; lastKnownFileType = sourcecode.swift; path = ScanningViewControllerTests.swift; sourceTree = "<group>"; };
		2BCBA1252ACDB408009ED436 /* MockQRScanningViewModel.swift */ = {isa = PBXFileReference; lastKnownFileType = sourcecode.swift; path = MockQRScanningViewModel.swift; sourceTree = "<group>"; };
		2BD04BF42B729A1C00AC5279 /* MockGDSCentreAlignedViewModel.swift */ = {isa = PBXFileReference; lastKnownFileType = sourcecode.swift; path = MockGDSCentreAlignedViewModel.swift; sourceTree = "<group>"; };
		2BF197212ABDA05500AC9620 /* MockInstructionWithImageViewModel.swift */ = {isa = PBXFileReference; lastKnownFileType = sourcecode.swift; path = MockInstructionWithImageViewModel.swift; sourceTree = "<group>"; };
		2BF197232ABDA06D00AC9620 /* MockButtonViewModel.swift */ = {isa = PBXFileReference; lastKnownFileType = sourcecode.swift; path = MockButtonViewModel.swift; sourceTree = "<group>"; };
		2BF197252ABDA08700AC9620 /* MockGDSInstructionsViewModel.swift */ = {isa = PBXFileReference; lastKnownFileType = sourcecode.swift; path = MockGDSInstructionsViewModel.swift; sourceTree = "<group>"; };
		2BF197272ABDA0A000AC9620 /* Screens.swift */ = {isa = PBXFileReference; lastKnownFileType = sourcecode.swift; path = Screens.swift; sourceTree = "<group>"; };
		2BF1972A2ABDA1B800AC9620 /* MockModalInfoViewModel.swift */ = {isa = PBXFileReference; lastKnownFileType = sourcecode.swift; path = MockModalInfoViewModel.swift; sourceTree = "<group>"; };
		3B61C6DD2ACB2F29001359F1 /* UnitTestPlan.xctestplan */ = {isa = PBXFileReference; lastKnownFileType = text; path = UnitTestPlan.xctestplan; sourceTree = "<group>"; };
		3B61C6E02ACDC580001359F1 /* IntroViewControllerTests.swift */ = {isa = PBXFileReference; fileEncoding = 4; lastKnownFileType = sourcecode.swift; path = IntroViewControllerTests.swift; sourceTree = "<group>"; };
		7C5137742AD99EF700163E83 /* MockDetectBarcodeRequest.swift */ = {isa = PBXFileReference; lastKnownFileType = sourcecode.swift; path = MockDetectBarcodeRequest.swift; sourceTree = "<group>"; };
		7C5137762AD99F0B00163E83 /* MockBarcodeRequest.swift */ = {isa = PBXFileReference; lastKnownFileType = sourcecode.swift; path = MockBarcodeRequest.swift; sourceTree = "<group>"; };
		7C5137782AD99F2300163E83 /* MockBarcodeObservation.swift */ = {isa = PBXFileReference; lastKnownFileType = sourcecode.swift; path = MockBarcodeObservation.swift; sourceTree = "<group>"; };
		7C51377A2AD9DA8A00163E83 /* MockCaptureDevice.swift */ = {isa = PBXFileReference; lastKnownFileType = sourcecode.swift; path = MockCaptureDevice.swift; sourceTree = "<group>"; };
		7CBC376A2ADB01C200572312 /* MockCaptureSession.swift */ = {isa = PBXFileReference; lastKnownFileType = sourcecode.swift; path = MockCaptureSession.swift; sourceTree = "<group>"; };
		9634B4652ACDAAEF00A60CC8 /* MockListViewModel.swift */ = {isa = PBXFileReference; lastKnownFileType = sourcecode.swift; path = MockListViewModel.swift; sourceTree = "<group>"; };
		9634B4692ACDAE8E00A60CC8 /* GDSListOptionsViewControllerTests.swift */ = {isa = PBXFileReference; lastKnownFileType = sourcecode.swift; path = GDSListOptionsViewControllerTests.swift; sourceTree = "<group>"; };
		96588BDB2AD02AB30035FF93 /* Date+Extensions.swift */ = {isa = PBXFileReference; lastKnownFileType = sourcecode.swift; path = "Date+Extensions.swift"; sourceTree = "<group>"; };
		96588BDF2AD046420035FF93 /* DatePickerScreenViewControllerTests.swift */ = {isa = PBXFileReference; fileEncoding = 4; lastKnownFileType = sourcecode.swift; path = DatePickerScreenViewControllerTests.swift; sourceTree = "<group>"; };
		96588BE52AD06A430035FF93 /* ViewControllerInitialiser+Extensions.swift */ = {isa = PBXFileReference; lastKnownFileType = sourcecode.swift; path = "ViewControllerInitialiser+Extensions.swift"; sourceTree = "<group>"; };
		96588BE72AD06CD20035FF93 /* MockTextInputViewModel.swift */ = {isa = PBXFileReference; lastKnownFileType = sourcecode.swift; path = MockTextInputViewModel.swift; sourceTree = "<group>"; };
		96588BE92AD06CE30035FF93 /* MockTextFieldViewModel.swift */ = {isa = PBXFileReference; lastKnownFileType = sourcecode.swift; path = MockTextFieldViewModel.swift; sourceTree = "<group>"; };
		96588BEB2AD6AD8A0035FF93 /* TextInputViewControllerTests.swift */ = {isa = PBXFileReference; lastKnownFileType = sourcecode.swift; path = TextInputViewControllerTests.swift; sourceTree = "<group>"; };
		968598AA2B03877D00462D0B /* BaseViewControllerTests.swift */ = {isa = PBXFileReference; lastKnownFileType = sourcecode.swift; path = BaseViewControllerTests.swift; sourceTree = "<group>"; };
		968598AC2B03878900462D0B /* MockBaseViewModel.swift */ = {isa = PBXFileReference; lastKnownFileType = sourcecode.swift; path = MockBaseViewModel.swift; sourceTree = "<group>"; };
		968598AF2B03A7C300462D0B /* MockBase.xib */ = {isa = PBXFileReference; lastKnownFileType = file.xib; path = MockBase.xib; sourceTree = "<group>"; };
		96F523FC2DC3D30500547FB6 /* MockLeftAlignedViewModel.swift */ = {isa = PBXFileReference; lastKnownFileType = sourcecode.swift; path = MockLeftAlignedViewModel.swift; sourceTree = "<group>"; };
		96FEBF902ACEC0F30067CC10 /* MockDatePickerViewModel.swift */ = {isa = PBXFileReference; lastKnownFileType = sourcecode.swift; path = MockDatePickerViewModel.swift; sourceTree = "<group>"; };
		96FEBF912ACEC0F30067CC10 /* MockDatePickerScreenViewModel.swift */ = {isa = PBXFileReference; lastKnownFileType = sourcecode.swift; path = MockDatePickerScreenViewModel.swift; sourceTree = "<group>"; };
		C8292BAE2DB0FA8200B0DB4E /* MockNumberedListViewModel.swift */ = {isa = PBXFileReference; lastKnownFileType = sourcecode.swift; path = MockNumberedListViewModel.swift; sourceTree = "<group>"; };
		C8A3955E2B20BA6700333669 /* GDSErrorViewControllerTests.swift */ = {isa = PBXFileReference; lastKnownFileType = sourcecode.swift; path = GDSErrorViewControllerTests.swift; sourceTree = "<group>"; };
		C8C9297E2ACDCA1700A130C3 /* MockIntroViewModel.swift */ = {isa = PBXFileReference; lastKnownFileType = sourcecode.swift; path = MockIntroViewModel.swift; sourceTree = "<group>"; };
		C8CFBFF82ADDA0C700BE35C5 /* MockOptionViewModel.swift */ = {isa = PBXFileReference; lastKnownFileType = sourcecode.swift; path = MockOptionViewModel.swift; sourceTree = "<group>"; };
		C8FC500C2B1F770900083CB4 /* MockErrorViewModel.swift */ = {isa = PBXFileReference; lastKnownFileType = sourcecode.swift; path = MockErrorViewModel.swift; sourceTree = "<group>"; };
		D0726FA42BF76CAF0043AEF1 /* MockGDSLoadingViewModel.swift */ = {isa = PBXFileReference; fileEncoding = 4; lastKnownFileType = sourcecode.swift; path = MockGDSLoadingViewModel.swift; sourceTree = "<group>"; };
		D0726FA62BF77BE20043AEF1 /* GDSLoadingViewControllerTests.swift */ = {isa = PBXFileReference; lastKnownFileType = sourcecode.swift; path = GDSLoadingViewControllerTests.swift; sourceTree = "<group>"; };
/* End PBXFileReference section */

/* Begin PBXFrameworksBuildPhase section */
		2B0843FD2ABC79BB00188BA0 /* Frameworks */ = {
			isa = PBXFrameworksBuildPhase;
			buildActionMask = 2147483647;
			files = (
			);
			runOnlyForDeploymentPostprocessing = 0;
		};
		2B9BDC062ABC5A5600452E23 /* Frameworks */ = {
			isa = PBXFrameworksBuildPhase;
			buildActionMask = 2147483647;
			files = (
				2BA0632D2AC5C98E0064E354 /* GDSCommon in Frameworks */,
			);
			runOnlyForDeploymentPostprocessing = 0;
		};
/* End PBXFrameworksBuildPhase section */

/* Begin PBXGroup section */
		2B0844012ABC79BB00188BA0 /* GDSCommon-DemoTests */ = {
			isa = PBXGroup;
			children = (
				03A7F4EB2D8D794100CFA364 /* ErrorScreenTests.swift */,
				7C51376E2AD99E9D00163E83 /* Mocks */,
				968598AF2B03A7C300462D0B /* MockBase.xib */,
				2B08440D2ABC7A4300188BA0 /* TestExtensions */,
				2B0843F52ABC797E00188BA0 /* GDSInstructionsViewControllerTests.swift */,
				2B0843F62ABC797E00188BA0 /* InstructionsWithImageViewControllerTests.swift */,
				9634B4692ACDAE8E00A60CC8 /* GDSListOptionsViewControllerTests.swift */,
				96588BDF2AD046420035FF93 /* DatePickerScreenViewControllerTests.swift */,
				968598AA2B03877D00462D0B /* BaseViewControllerTests.swift */,
				2B0843F72ABC797E00188BA0 /* ModalInfoViewControllerTests.swift */,
				2BB5C7882AD3F7DE006BE7E2 /* ScanningViewControllerTests.swift */,
				3B61C6E02ACDC580001359F1 /* IntroViewControllerTests.swift */,
				21AB39DB2B142B5400A26268 /* ResultsViewControllerTests.swift */,
				96588BEB2AD6AD8A0035FF93 /* TextInputViewControllerTests.swift */,
				C8A3955E2B20BA6700333669 /* GDSErrorViewControllerTests.swift */,
				1E891B762B63CCB000744E3D /* GDSCentreAlignedScreenTests.swift */,
				D0726FA62BF77BE20043AEF1 /* GDSLoadingViewControllerTests.swift */,
			);
			path = "GDSCommon-DemoTests";
			sourceTree = "<group>";
		};
		2B08440D2ABC7A4300188BA0 /* TestExtensions */ = {
			isa = PBXGroup;
			children = (
				2B08440E2ABC7A5B00188BA0 /* UIView+Test_Extensions.swift */,
				96588BDB2AD02AB30035FF93 /* Date+Extensions.swift */,
				2B0844102ABC7A7700188BA0 /* XCTestCase.swift */,
				2B78F2F92AD598FC003C3445 /* MockDialogPresenter.swift */,
			);
			path = TestExtensions;
			sourceTree = "<group>";
		};
		2B9BDC002ABC5A5600452E23 = {
			isa = PBXGroup;
			children = (
				3B61C6DD2ACB2F29001359F1 /* UnitTestPlan.xctestplan */,
				2B9BDC0B2ABC5A5600452E23 /* GDSCommon-Demo */,
				2B0844012ABC79BB00188BA0 /* GDSCommon-DemoTests */,
				2B9BDC0A2ABC5A5600452E23 /* Products */,
				96FEFC1A2ACDA1CF00313194 /* Frameworks */,
			);
			sourceTree = "<group>";
		};
		2B9BDC0A2ABC5A5600452E23 /* Products */ = {
			isa = PBXGroup;
			children = (
				2B9BDC092ABC5A5600452E23 /* GDSCommon-Demo.app */,
				2B0844002ABC79BB00188BA0 /* GDSCommon-DemoTests.xctest */,
			);
			name = Products;
			sourceTree = "<group>";
		};
		2B9BDC0B2ABC5A5600452E23 /* GDSCommon-Demo */ = {
			isa = PBXGroup;
			children = (
				96588BE42AD06A360035FF93 /* Extensions */,
				2BF197202ABDA04600AC9620 /* Mocks */,
				2B9BDC0C2ABC5A5600452E23 /* AppDelegate.swift */,
				2B9BDC0E2ABC5A5600452E23 /* SceneDelegate.swift */,
				2B9BDC102ABC5A5600452E23 /* DemoViewController.swift */,
				2B9BDC122ABC5A5600452E23 /* Demo.storyboard */,
				2B9BDC152ABC5A5700452E23 /* Assets.xcassets */,
				2B9BDC172ABC5A5700452E23 /* LaunchScreen.storyboard */,
				2B9BDC1A2ABC5A5700452E23 /* Info.plist */,
			);
			path = "GDSCommon-Demo";
			sourceTree = "<group>";
		};
		2BF197202ABDA04600AC9620 /* Mocks */ = {
			isa = PBXGroup;
			children = (
				C8292BAE2DB0FA8200B0DB4E /* MockNumberedListViewModel.swift */,
				1E38515F2D0B179400006E06 /* MockGDSCentreAlignedViewModel.swift */,
				D0726FA42BF76CAF0043AEF1 /* MockGDSLoadingViewModel.swift */,
				2BF197212ABDA05500AC9620 /* MockInstructionWithImageViewModel.swift */,
				2B17F8F12B5EB939006926D0 /* MockPopoverItemViewModel.swift */,
				2BF197232ABDA06D00AC9620 /* MockButtonViewModel.swift */,
				96FEBF912ACEC0F30067CC10 /* MockDatePickerScreenViewModel.swift */,
				96FEBF902ACEC0F30067CC10 /* MockDatePickerViewModel.swift */,
				2BF197252ABDA08700AC9620 /* MockGDSInstructionsViewModel.swift */,
				2BF1972A2ABDA1B800AC9620 /* MockModalInfoViewModel.swift */,
				96588BE92AD06CE30035FF93 /* MockTextFieldViewModel.swift */,
				9634B4652ACDAAEF00A60CC8 /* MockListViewModel.swift */,
				96588BE72AD06CD20035FF93 /* MockTextInputViewModel.swift */,
				C8C9297E2ACDCA1700A130C3 /* MockIntroViewModel.swift */,
				2B2F43FA2AE912BA00BDCC72 /* MockIconScreenViewModel.swift */,
				C8CFBFF82ADDA0C700BE35C5 /* MockOptionViewModel.swift */,
				2BF197272ABDA0A000AC9620 /* Screens.swift */,
				96F523FC2DC3D30500547FB6 /* MockLeftAlignedViewModel.swift */,
				2BCBA1252ACDB408009ED436 /* MockQRScanningViewModel.swift */,
				21D9929E2B13F4DA00F4982F /* MockResultsViewModel.swift */,
				C8FC500C2B1F770900083CB4 /* MockErrorViewModel.swift */,
				2B9375182B500DAD00E2A6B9 /* MockBulletViewModel.swift */,
				1E891B712B628AA000744E3D /* MockGDSInformationViewModel.swift */,
			);
			path = Mocks;
			sourceTree = "<group>";
		};
		7C51376E2AD99E9D00163E83 /* Mocks */ = {
			isa = PBXGroup;
			children = (
				2B0843F42ABC797E00188BA0 /* MockGDSInstructionsViewModel.swift */,
				968598AC2B03878900462D0B /* MockBaseViewModel.swift */,
				7C51376F2AD99EB600163E83 /* Scanning */,
				2BD04BF42B729A1C00AC5279 /* MockGDSCentreAlignedViewModel.swift */,
				03A7F4EE2D8D892B00CFA364 /* MockGDSErrorViewModelV3.swift */,
			);
			path = Mocks;
			sourceTree = "<group>";
		};
		7C51376F2AD99EB600163E83 /* Scanning */ = {
			isa = PBXGroup;
			children = (
				7C5137742AD99EF700163E83 /* MockDetectBarcodeRequest.swift */,
				7C5137762AD99F0B00163E83 /* MockBarcodeRequest.swift */,
				7C5137782AD99F2300163E83 /* MockBarcodeObservation.swift */,
				7C51377A2AD9DA8A00163E83 /* MockCaptureDevice.swift */,
				7CBC376A2ADB01C200572312 /* MockCaptureSession.swift */,
			);
			path = Scanning;
			sourceTree = "<group>";
		};
		96588BE42AD06A360035FF93 /* Extensions */ = {
			isa = PBXGroup;
			children = (
				96588BE52AD06A430035FF93 /* ViewControllerInitialiser+Extensions.swift */,
			);
			path = Extensions;
			sourceTree = "<group>";
		};
		96FEFC1A2ACDA1CF00313194 /* Frameworks */ = {
			isa = PBXGroup;
			children = (
			);
			name = Frameworks;
			sourceTree = "<group>";
		};
/* End PBXGroup section */

/* Begin PBXNativeTarget section */
		2B0843FF2ABC79BB00188BA0 /* GDSCommon-DemoTests */ = {
			isa = PBXNativeTarget;
			buildConfigurationList = 2B0844062ABC79BB00188BA0 /* Build configuration list for PBXNativeTarget "GDSCommon-DemoTests" */;
			buildPhases = (
				2B0843FC2ABC79BB00188BA0 /* Sources */,
				2B0843FD2ABC79BB00188BA0 /* Frameworks */,
				2B0843FE2ABC79BB00188BA0 /* Resources */,
			);
			buildRules = (
			);
			dependencies = (
				2B0844052ABC79BB00188BA0 /* PBXTargetDependency */,
			);
			name = "GDSCommon-DemoTests";
			packageProductDependencies = (
			);
			productName = "GDSCommon-DemoTests";
			productReference = 2B0844002ABC79BB00188BA0 /* GDSCommon-DemoTests.xctest */;
			productType = "com.apple.product-type.bundle.unit-test";
		};
		2B9BDC082ABC5A5600452E23 /* GDSCommon-Demo */ = {
			isa = PBXNativeTarget;
			buildConfigurationList = 2B9BDC1D2ABC5A5700452E23 /* Build configuration list for PBXNativeTarget "GDSCommon-Demo" */;
			buildPhases = (
				2B9BDC052ABC5A5600452E23 /* Sources */,
				2B9BDC062ABC5A5600452E23 /* Frameworks */,
				2B9BDC072ABC5A5600452E23 /* Resources */,
			);
			buildRules = (
			);
			dependencies = (
			);
			name = "GDSCommon-Demo";
			packageProductDependencies = (
				2BA0632C2AC5C98E0064E354 /* GDSCommon */,
			);
			productName = "GDSCommon-Demo";
			productReference = 2B9BDC092ABC5A5600452E23 /* GDSCommon-Demo.app */;
			productType = "com.apple.product-type.application";
		};
/* End PBXNativeTarget section */

/* Begin PBXProject section */
		2B9BDC012ABC5A5600452E23 /* Project object */ = {
			isa = PBXProject;
			attributes = {
				BuildIndependentTargetsInParallel = 1;
				LastSwiftUpdateCheck = 1500;
				LastUpgradeCheck = 1530;
				TargetAttributes = {
					2B0843FF2ABC79BB00188BA0 = {
						CreatedOnToolsVersion = 15.0;
						TestTargetID = 2B9BDC082ABC5A5600452E23;
					};
					2B9BDC082ABC5A5600452E23 = {
						CreatedOnToolsVersion = 15.0;
					};
				};
			};
			buildConfigurationList = 2B9BDC042ABC5A5600452E23 /* Build configuration list for PBXProject "GDSCommon-Demo" */;
			compatibilityVersion = "Xcode 14.0";
			developmentRegion = en;
			hasScannedForEncodings = 0;
			knownRegions = (
				en,
				Base,
				cy,
			);
			mainGroup = 2B9BDC002ABC5A5600452E23;
			packageReferences = (
				2B0843EE2ABC5E3400188BA0 /* XCLocalSwiftPackageReference ".." */,
			);
			productRefGroup = 2B9BDC0A2ABC5A5600452E23 /* Products */;
			projectDirPath = "";
			projectRoot = "";
			targets = (
				2B9BDC082ABC5A5600452E23 /* GDSCommon-Demo */,
				2B0843FF2ABC79BB00188BA0 /* GDSCommon-DemoTests */,
			);
		};
/* End PBXProject section */

/* Begin PBXResourcesBuildPhase section */
		2B0843FE2ABC79BB00188BA0 /* Resources */ = {
			isa = PBXResourcesBuildPhase;
			buildActionMask = 2147483647;
			files = (
				968598B12B03AA7E00462D0B /* MockBase.xib in Resources */,
			);
			runOnlyForDeploymentPostprocessing = 0;
		};
		2B9BDC072ABC5A5600452E23 /* Resources */ = {
			isa = PBXResourcesBuildPhase;
			buildActionMask = 2147483647;
			files = (
				2B9BDC192ABC5A5700452E23 /* LaunchScreen.storyboard in Resources */,
				2B9BDC162ABC5A5700452E23 /* Assets.xcassets in Resources */,
				2B74D6652AC317B2002D992C /* Demo.storyboard in Resources */,
			);
			runOnlyForDeploymentPostprocessing = 0;
		};
/* End PBXResourcesBuildPhase section */

/* Begin PBXSourcesBuildPhase section */
		2B0843FC2ABC79BB00188BA0 /* Sources */ = {
			isa = PBXSourcesBuildPhase;
			buildActionMask = 2147483647;
			files = (
				96588BEC2AD6AD8A0035FF93 /* TextInputViewControllerTests.swift in Sources */,
				2B0844092ABC79C300188BA0 /* ModalInfoViewControllerTests.swift in Sources */,
				03A7F4EC2D8D794700CFA364 /* ErrorScreenTests.swift in Sources */,
				9634B46A2ACDAE8E00A60CC8 /* GDSListOptionsViewControllerTests.swift in Sources */,
				96588BDC2AD02AB30035FF93 /* Date+Extensions.swift in Sources */,
				D0726FA72BF77BE20043AEF1 /* GDSLoadingViewControllerTests.swift in Sources */,
				C8C90DCF2ADDADFD00158516 /* (null) in Sources */,
				96FEFC192ACD9FF400313194 /* InstructionsWithImageViewControllerTests.swift in Sources */,
				C8C343AA2B927C7200E92FB9 /* MockModalInfoViewModel.swift in Sources */,
				2B08440A2ABC79C300188BA0 /* GDSInstructionsViewControllerTests.swift in Sources */,
				7C5137772AD99F0B00163E83 /* MockBarcodeRequest.swift in Sources */,
				7C5137792AD99F2300163E83 /* MockBarcodeObservation.swift in Sources */,
				2B78F2FA2AD598FC003C3445 /* MockDialogPresenter.swift in Sources */,
				968598AB2B03877D00462D0B /* BaseViewControllerTests.swift in Sources */,
				3B61C6E12ACDC580001359F1 /* IntroViewControllerTests.swift in Sources */,
				21AB39DC2B142B5400A26268 /* ResultsViewControllerTests.swift in Sources */,
				C8A3955F2B20BA6700333669 /* GDSErrorViewControllerTests.swift in Sources */,
				2B08440B2ABC79C300188BA0 /* MockGDSInstructionsViewModel.swift in Sources */,
				7CBC376B2ADB01C200572312 /* MockCaptureSession.swift in Sources */,
				03A7F4F02D8D8D8C00CFA364 /* MockGDSErrorViewModelV3.swift in Sources */,
				2B0844112ABC7A7700188BA0 /* XCTestCase.swift in Sources */,
				96588BE02AD046420035FF93 /* DatePickerScreenViewControllerTests.swift in Sources */,
				2BB5C7892AD3F7DE006BE7E2 /* ScanningViewControllerTests.swift in Sources */,
				1E891B772B63CCB000744E3D /* GDSCentreAlignedScreenTests.swift in Sources */,
				7C51377B2AD9DA8A00163E83 /* MockCaptureDevice.swift in Sources */,
				7C5137752AD99EF700163E83 /* MockDetectBarcodeRequest.swift in Sources */,
				968598AE2B03891000462D0B /* MockBaseViewModel.swift in Sources */,
				2B08440F2ABC7A5B00188BA0 /* UIView+Test_Extensions.swift in Sources */,
				2BD04BF62B729C0200AC5279 /* MockGDSCentreAlignedViewModel.swift in Sources */,
			);
			runOnlyForDeploymentPostprocessing = 0;
		};
		2B9BDC052ABC5A5600452E23 /* Sources */ = {
			isa = PBXSourcesBuildPhase;
			buildActionMask = 2147483647;
			files = (
				2B9BDC112ABC5A5600452E23 /* DemoViewController.swift in Sources */,
				2B17F8F22B5EB939006926D0 /* MockPopoverItemViewModel.swift in Sources */,
				2B2F43FB2AE912BA00BDCC72 /* MockIconScreenViewModel.swift in Sources */,
				96588BE82AD06CD20035FF93 /* MockTextInputViewModel.swift in Sources */,
				96588BEA2AD06CE30035FF93 /* MockTextFieldViewModel.swift in Sources */,
				96588BE62AD06A430035FF93 /* ViewControllerInitialiser+Extensions.swift in Sources */,
				2B9375192B500DAD00E2A6B9 /* MockBulletViewModel.swift in Sources */,
				C8C9297F2ACDCA1700A130C3 /* MockIntroViewModel.swift in Sources */,
				1E3851602D0B179F00006E06 /* MockGDSCentreAlignedViewModel.swift in Sources */,
				21D9929F2B13F4DA00F4982F /* MockResultsViewModel.swift in Sources */,
				2BF197222ABDA05500AC9620 /* MockInstructionWithImageViewModel.swift in Sources */,
				D0726FA52BF76CAF0043AEF1 /* MockGDSLoadingViewModel.swift in Sources */,
				C8292BAF2DB0FA8A00B0DB4E /* MockNumberedListViewModel.swift in Sources */,
				2BCBA1262ACDB408009ED436 /* MockQRScanningViewModel.swift in Sources */,
				96FEBF932ACEC0F30067CC10 /* MockDatePickerScreenViewModel.swift in Sources */,
				C8FC500D2B1F770900083CB4 /* MockErrorViewModel.swift in Sources */,
				96FEBF922ACEC0F30067CC10 /* MockDatePickerViewModel.swift in Sources */,
				2BF197262ABDA08700AC9620 /* MockGDSInstructionsViewModel.swift in Sources */,
				2B9BDC0D2ABC5A5600452E23 /* AppDelegate.swift in Sources */,
				2BF197282ABDA0A000AC9620 /* Screens.swift in Sources */,
				96F523FD2DC3D30500547FB6 /* MockLeftAlignedViewModel.swift in Sources */,
				2B9BDC0F2ABC5A5600452E23 /* SceneDelegate.swift in Sources */,
				2BF1972B2ABDA1B800AC9620 /* MockModalInfoViewModel.swift in Sources */,
				1E891B722B628AA000744E3D /* MockGDSInformationViewModel.swift in Sources */,
				9634B4662ACDAAEF00A60CC8 /* MockListViewModel.swift in Sources */,
				2BF197242ABDA06D00AC9620 /* MockButtonViewModel.swift in Sources */,
				C8CFBFF92ADDA0C700BE35C5 /* MockOptionViewModel.swift in Sources */,
			);
			runOnlyForDeploymentPostprocessing = 0;
		};
/* End PBXSourcesBuildPhase section */

/* Begin PBXTargetDependency section */
		2B0844052ABC79BB00188BA0 /* PBXTargetDependency */ = {
			isa = PBXTargetDependency;
			target = 2B9BDC082ABC5A5600452E23 /* GDSCommon-Demo */;
			targetProxy = 2B0844042ABC79BB00188BA0 /* PBXContainerItemProxy */;
		};
/* End PBXTargetDependency section */

/* Begin PBXVariantGroup section */
		2B9BDC122ABC5A5600452E23 /* Demo.storyboard */ = {
			isa = PBXVariantGroup;
			children = (
				2B9BDC132ABC5A5600452E23 /* Base */,
			);
			name = Demo.storyboard;
			sourceTree = "<group>";
		};
		2B9BDC172ABC5A5700452E23 /* LaunchScreen.storyboard */ = {
			isa = PBXVariantGroup;
			children = (
				2B9BDC182ABC5A5700452E23 /* Base */,
				2B9E00EE2B55439500072EA1 /* cy */,
			);
			name = LaunchScreen.storyboard;
			sourceTree = "<group>";
		};
/* End PBXVariantGroup section */

/* Begin XCBuildConfiguration section */
		2B0844072ABC79BB00188BA0 /* Debug */ = {
			isa = XCBuildConfiguration;
			buildSettings = {
				ASSETCATALOG_COMPILER_GLOBAL_ACCENT_COLOR_NAME = AccentColor;
				BUNDLE_LOADER = "$(TEST_HOST)";
				CODE_SIGN_STYLE = Automatic;
				CURRENT_PROJECT_VERSION = 1;
				DEVELOPMENT_TEAM = N8W395F695;
				GENERATE_INFOPLIST_FILE = YES;
				MARKETING_VERSION = 1.0;
				PRODUCT_BUNDLE_IDENTIFIER = "uk.gov.digital-identity.GDSCommon-DemoTests";
				PRODUCT_NAME = "$(TARGET_NAME)";
				SWIFT_EMIT_LOC_STRINGS = NO;
				SWIFT_VERSION = 5.0;
				TARGETED_DEVICE_FAMILY = "1,2";
				TEST_HOST = "$(BUILT_PRODUCTS_DIR)/GDSCommon-Demo.app/$(BUNDLE_EXECUTABLE_FOLDER_PATH)/GDSCommon-Demo";
			};
			name = Debug;
		};
		2B0844082ABC79BB00188BA0 /* Release */ = {
			isa = XCBuildConfiguration;
			buildSettings = {
				ASSETCATALOG_COMPILER_GLOBAL_ACCENT_COLOR_NAME = AccentColor;
				BUNDLE_LOADER = "$(TEST_HOST)";
				CODE_SIGN_STYLE = Automatic;
				CURRENT_PROJECT_VERSION = 1;
				DEVELOPMENT_TEAM = N8W395F695;
				GENERATE_INFOPLIST_FILE = YES;
				MARKETING_VERSION = 1.0;
				PRODUCT_BUNDLE_IDENTIFIER = "uk.gov.digital-identity.GDSCommon-DemoTests";
				PRODUCT_NAME = "$(TARGET_NAME)";
				SWIFT_EMIT_LOC_STRINGS = NO;
				SWIFT_VERSION = 5.0;
				TARGETED_DEVICE_FAMILY = "1,2";
				TEST_HOST = "$(BUILT_PRODUCTS_DIR)/GDSCommon-Demo.app/$(BUNDLE_EXECUTABLE_FOLDER_PATH)/GDSCommon-Demo";
			};
			name = Release;
		};
		2B9BDC1B2ABC5A5700452E23 /* Debug */ = {
			isa = XCBuildConfiguration;
			buildSettings = {
				ALWAYS_SEARCH_USER_PATHS = NO;
				ASSETCATALOG_COMPILER_GENERATE_SWIFT_ASSET_SYMBOL_EXTENSIONS = YES;
				CLANG_ANALYZER_LOCALIZABILITY_NONLOCALIZED = YES;
				CLANG_ANALYZER_NONNULL = YES;
				CLANG_ANALYZER_NUMBER_OBJECT_CONVERSION = YES_AGGRESSIVE;
				CLANG_CXX_LANGUAGE_STANDARD = "gnu++20";
				CLANG_ENABLE_MODULES = YES;
				CLANG_ENABLE_OBJC_ARC = YES;
				CLANG_ENABLE_OBJC_WEAK = YES;
				CLANG_WARN_BLOCK_CAPTURE_AUTORELEASING = YES;
				CLANG_WARN_BOOL_CONVERSION = YES;
				CLANG_WARN_COMMA = YES;
				CLANG_WARN_CONSTANT_CONVERSION = YES;
				CLANG_WARN_DEPRECATED_OBJC_IMPLEMENTATIONS = YES;
				CLANG_WARN_DIRECT_OBJC_ISA_USAGE = YES_ERROR;
				CLANG_WARN_DOCUMENTATION_COMMENTS = YES;
				CLANG_WARN_EMPTY_BODY = YES;
				CLANG_WARN_ENUM_CONVERSION = YES;
				CLANG_WARN_INFINITE_RECURSION = YES;
				CLANG_WARN_INT_CONVERSION = YES;
				CLANG_WARN_NON_LITERAL_NULL_CONVERSION = YES;
				CLANG_WARN_OBJC_IMPLICIT_RETAIN_SELF = YES;
				CLANG_WARN_OBJC_LITERAL_CONVERSION = YES;
				CLANG_WARN_OBJC_ROOT_CLASS = YES_ERROR;
				CLANG_WARN_QUOTED_INCLUDE_IN_FRAMEWORK_HEADER = YES;
				CLANG_WARN_RANGE_LOOP_ANALYSIS = YES;
				CLANG_WARN_STRICT_PROTOTYPES = YES;
				CLANG_WARN_SUSPICIOUS_MOVE = YES;
				CLANG_WARN_UNGUARDED_AVAILABILITY = YES_AGGRESSIVE;
				CLANG_WARN_UNREACHABLE_CODE = YES;
				CLANG_WARN__DUPLICATE_METHOD_MATCH = YES;
				COPY_PHASE_STRIP = NO;
				DEBUG_INFORMATION_FORMAT = dwarf;
				ENABLE_STRICT_OBJC_MSGSEND = YES;
				ENABLE_TESTABILITY = YES;
				ENABLE_USER_SCRIPT_SANDBOXING = YES;
				GCC_C_LANGUAGE_STANDARD = gnu17;
				GCC_DYNAMIC_NO_PIC = NO;
				GCC_NO_COMMON_BLOCKS = YES;
				GCC_OPTIMIZATION_LEVEL = 0;
				GCC_PREPROCESSOR_DEFINITIONS = (
					"DEBUG=1",
					"$(inherited)",
				);
				GCC_WARN_64_TO_32_BIT_CONVERSION = YES;
				GCC_WARN_ABOUT_RETURN_TYPE = YES_ERROR;
				GCC_WARN_UNDECLARED_SELECTOR = YES;
				GCC_WARN_UNINITIALIZED_AUTOS = YES_AGGRESSIVE;
				GCC_WARN_UNUSED_FUNCTION = YES;
				GCC_WARN_UNUSED_VARIABLE = YES;
				INFOPLIST_KEY_NSMainStoryboardFile = Demo;
				IPHONEOS_DEPLOYMENT_TARGET = 17.0;
				LOCALIZATION_PREFERS_STRING_CATALOGS = YES;
				MTL_ENABLE_DEBUG_INFO = INCLUDE_SOURCE;
				MTL_FAST_MATH = YES;
				ONLY_ACTIVE_ARCH = YES;
				SDKROOT = iphoneos;
				SWIFT_ACTIVE_COMPILATION_CONDITIONS = "DEBUG $(inherited)";
				SWIFT_OPTIMIZATION_LEVEL = "-Onone";
			};
			name = Debug;
		};
		2B9BDC1C2ABC5A5700452E23 /* Release */ = {
			isa = XCBuildConfiguration;
			buildSettings = {
				ALWAYS_SEARCH_USER_PATHS = NO;
				ASSETCATALOG_COMPILER_GENERATE_SWIFT_ASSET_SYMBOL_EXTENSIONS = YES;
				CLANG_ANALYZER_LOCALIZABILITY_NONLOCALIZED = YES;
				CLANG_ANALYZER_NONNULL = YES;
				CLANG_ANALYZER_NUMBER_OBJECT_CONVERSION = YES_AGGRESSIVE;
				CLANG_CXX_LANGUAGE_STANDARD = "gnu++20";
				CLANG_ENABLE_MODULES = YES;
				CLANG_ENABLE_OBJC_ARC = YES;
				CLANG_ENABLE_OBJC_WEAK = YES;
				CLANG_WARN_BLOCK_CAPTURE_AUTORELEASING = YES;
				CLANG_WARN_BOOL_CONVERSION = YES;
				CLANG_WARN_COMMA = YES;
				CLANG_WARN_CONSTANT_CONVERSION = YES;
				CLANG_WARN_DEPRECATED_OBJC_IMPLEMENTATIONS = YES;
				CLANG_WARN_DIRECT_OBJC_ISA_USAGE = YES_ERROR;
				CLANG_WARN_DOCUMENTATION_COMMENTS = YES;
				CLANG_WARN_EMPTY_BODY = YES;
				CLANG_WARN_ENUM_CONVERSION = YES;
				CLANG_WARN_INFINITE_RECURSION = YES;
				CLANG_WARN_INT_CONVERSION = YES;
				CLANG_WARN_NON_LITERAL_NULL_CONVERSION = YES;
				CLANG_WARN_OBJC_IMPLICIT_RETAIN_SELF = YES;
				CLANG_WARN_OBJC_LITERAL_CONVERSION = YES;
				CLANG_WARN_OBJC_ROOT_CLASS = YES_ERROR;
				CLANG_WARN_QUOTED_INCLUDE_IN_FRAMEWORK_HEADER = YES;
				CLANG_WARN_RANGE_LOOP_ANALYSIS = YES;
				CLANG_WARN_STRICT_PROTOTYPES = YES;
				CLANG_WARN_SUSPICIOUS_MOVE = YES;
				CLANG_WARN_UNGUARDED_AVAILABILITY = YES_AGGRESSIVE;
				CLANG_WARN_UNREACHABLE_CODE = YES;
				CLANG_WARN__DUPLICATE_METHOD_MATCH = YES;
				COPY_PHASE_STRIP = NO;
				DEBUG_INFORMATION_FORMAT = "dwarf-with-dsym";
				ENABLE_NS_ASSERTIONS = NO;
				ENABLE_STRICT_OBJC_MSGSEND = YES;
				ENABLE_USER_SCRIPT_SANDBOXING = YES;
				GCC_C_LANGUAGE_STANDARD = gnu17;
				GCC_NO_COMMON_BLOCKS = YES;
				GCC_WARN_64_TO_32_BIT_CONVERSION = YES;
				GCC_WARN_ABOUT_RETURN_TYPE = YES_ERROR;
				GCC_WARN_UNDECLARED_SELECTOR = YES;
				GCC_WARN_UNINITIALIZED_AUTOS = YES_AGGRESSIVE;
				GCC_WARN_UNUSED_FUNCTION = YES;
				GCC_WARN_UNUSED_VARIABLE = YES;
				INFOPLIST_KEY_NSMainStoryboardFile = Demo;
				IPHONEOS_DEPLOYMENT_TARGET = 17.0;
				LOCALIZATION_PREFERS_STRING_CATALOGS = YES;
				MTL_ENABLE_DEBUG_INFO = NO;
				MTL_FAST_MATH = YES;
				SDKROOT = iphoneos;
				SWIFT_COMPILATION_MODE = wholemodule;
				VALIDATE_PRODUCT = YES;
			};
			name = Release;
		};
		2B9BDC1E2ABC5A5700452E23 /* Debug */ = {
			isa = XCBuildConfiguration;
			buildSettings = {
				ASSETCATALOG_COMPILER_APPICON_NAME = AppIcon;
				ASSETCATALOG_COMPILER_GLOBAL_ACCENT_COLOR_NAME = AccentColor;
				CODE_SIGN_STYLE = Automatic;
				CURRENT_PROJECT_VERSION = 1;
				DEVELOPMENT_TEAM = N8W395F695;
				GENERATE_INFOPLIST_FILE = YES;
				INFOPLIST_FILE = "GDSCommon-Demo/Info.plist";
				INFOPLIST_KEY_NSCameraUsageDescription = "Access to camera for QR code scanner";
				INFOPLIST_KEY_NSMainStoryboardFile = Demo;
				INFOPLIST_KEY_UIApplicationSupportsIndirectInputEvents = YES;
				INFOPLIST_KEY_UILaunchStoryboardName = LaunchScreen;
				INFOPLIST_KEY_UIMainStoryboardFile = Demo;
				INFOPLIST_KEY_UISupportedInterfaceOrientations = "UIInterfaceOrientationLandscapeLeft UIInterfaceOrientationPortrait";
				INFOPLIST_KEY_UISupportedInterfaceOrientations_iPad = "UIInterfaceOrientationLandscapeLeft UIInterfaceOrientationLandscapeRight UIInterfaceOrientationPortrait UIInterfaceOrientationPortraitUpsideDown";
				INFOPLIST_KEY_UIUserInterfaceStyle = Automatic;
				IPHONEOS_DEPLOYMENT_TARGET = 17.0;
				LD_RUNPATH_SEARCH_PATHS = (
					"$(inherited)",
					"@executable_path/Frameworks",
				);
				MARKETING_VERSION = 1.0;
				PRODUCT_BUNDLE_IDENTIFIER = "uk.gov.digital-identity.GDSCommon-Demo";
				PRODUCT_NAME = "$(TARGET_NAME)";
				SUPPORTED_PLATFORMS = "iphoneos iphonesimulator";
				SUPPORTS_MACCATALYST = NO;
				SUPPORTS_MAC_DESIGNED_FOR_IPHONE_IPAD = NO;
				SWIFT_EMIT_LOC_STRINGS = YES;
				SWIFT_VERSION = 5.0;
				TARGETED_DEVICE_FAMILY = 1;
			};
			name = Debug;
		};
		2B9BDC1F2ABC5A5700452E23 /* Release */ = {
			isa = XCBuildConfiguration;
			buildSettings = {
				ASSETCATALOG_COMPILER_APPICON_NAME = AppIcon;
				ASSETCATALOG_COMPILER_GLOBAL_ACCENT_COLOR_NAME = AccentColor;
				CODE_SIGN_STYLE = Automatic;
				CURRENT_PROJECT_VERSION = 1;
				DEVELOPMENT_TEAM = N8W395F695;
				GENERATE_INFOPLIST_FILE = YES;
				INFOPLIST_FILE = "GDSCommon-Demo/Info.plist";
				INFOPLIST_KEY_NSCameraUsageDescription = "Access to camera for QR code scanner";
				INFOPLIST_KEY_NSMainStoryboardFile = Demo;
				INFOPLIST_KEY_UIApplicationSupportsIndirectInputEvents = YES;
				INFOPLIST_KEY_UILaunchStoryboardName = LaunchScreen;
				INFOPLIST_KEY_UIMainStoryboardFile = Demo;
				INFOPLIST_KEY_UISupportedInterfaceOrientations = "UIInterfaceOrientationLandscapeLeft UIInterfaceOrientationPortrait";
				INFOPLIST_KEY_UISupportedInterfaceOrientations_iPad = "UIInterfaceOrientationLandscapeLeft UIInterfaceOrientationLandscapeRight UIInterfaceOrientationPortrait UIInterfaceOrientationPortraitUpsideDown";
				INFOPLIST_KEY_UIUserInterfaceStyle = Automatic;
				IPHONEOS_DEPLOYMENT_TARGET = 17.0;
				LD_RUNPATH_SEARCH_PATHS = (
					"$(inherited)",
					"@executable_path/Frameworks",
				);
				MARKETING_VERSION = 1.0;
				PRODUCT_BUNDLE_IDENTIFIER = "uk.gov.digital-identity.GDSCommon-Demo";
				PRODUCT_NAME = "$(TARGET_NAME)";
				SUPPORTED_PLATFORMS = "iphoneos iphonesimulator";
				SUPPORTS_MACCATALYST = NO;
				SUPPORTS_MAC_DESIGNED_FOR_IPHONE_IPAD = NO;
				SWIFT_EMIT_LOC_STRINGS = YES;
				SWIFT_VERSION = 5.0;
				TARGETED_DEVICE_FAMILY = 1;
			};
			name = Release;
		};
/* End XCBuildConfiguration section */

/* Begin XCConfigurationList section */
		2B0844062ABC79BB00188BA0 /* Build configuration list for PBXNativeTarget "GDSCommon-DemoTests" */ = {
			isa = XCConfigurationList;
			buildConfigurations = (
				2B0844072ABC79BB00188BA0 /* Debug */,
				2B0844082ABC79BB00188BA0 /* Release */,
			);
			defaultConfigurationIsVisible = 0;
			defaultConfigurationName = Release;
		};
		2B9BDC042ABC5A5600452E23 /* Build configuration list for PBXProject "GDSCommon-Demo" */ = {
			isa = XCConfigurationList;
			buildConfigurations = (
				2B9BDC1B2ABC5A5700452E23 /* Debug */,
				2B9BDC1C2ABC5A5700452E23 /* Release */,
			);
			defaultConfigurationIsVisible = 0;
			defaultConfigurationName = Release;
		};
		2B9BDC1D2ABC5A5700452E23 /* Build configuration list for PBXNativeTarget "GDSCommon-Demo" */ = {
			isa = XCConfigurationList;
			buildConfigurations = (
				2B9BDC1E2ABC5A5700452E23 /* Debug */,
				2B9BDC1F2ABC5A5700452E23 /* Release */,
			);
			defaultConfigurationIsVisible = 0;
			defaultConfigurationName = Release;
		};
/* End XCConfigurationList section */

/* Begin XCLocalSwiftPackageReference section */
		2B0843EE2ABC5E3400188BA0 /* XCLocalSwiftPackageReference ".." */ = {
			isa = XCLocalSwiftPackageReference;
			relativePath = ..;
		};
/* End XCLocalSwiftPackageReference section */

/* Begin XCSwiftPackageProductDependency section */
		2BA0632C2AC5C98E0064E354 /* GDSCommon */ = {
			isa = XCSwiftPackageProductDependency;
			productName = GDSCommon;
		};
/* End XCSwiftPackageProductDependency section */
	};
	rootObject = 2B9BDC012ABC5A5600452E23 /* Project object */;
}
